Microsoft Visual Studio Solution File, Format Version 12.00
# Visual Studio Version 17
VisualStudioVersion = 17.0.31314.256
MinimumVisualStudioVersion = 10.0.40219.1
Project("{2150E333-8FDC-42A3-9474-1A3956D46DE8}") = "Automation", "Automation", "{0BFBE63A-B98A-3411-8EEB-8918FEC737B3}"
EndProject
Project("{2150E333-8FDC-42A3-9474-1A3956D46DE8}") = "Engine", "Engine", "{233774A8-CC9D-3FA9-86D1-90573E92B704}"
EndProject
Project("{2150E333-8FDC-42A3-9474-1A3956D46DE8}") = "Games", "Games", "{DE1F8B53-6C02-3C13-9101-A7C8D96F3FF6}"
EndProject
Project("{2150E333-8FDC-42A3-9474-1A3956D46DE8}") = "Programs", "Programs", "{A338B9E2-A559-34BE-A46D-F789DD488FAD}"
EndProject
Project("{2150E333-8FDC-42A3-9474-1A3956D46DE8}") = "Rules", "Rules", "{C2F57ECE-B26F-39D8-BDA7-C1D40BD8F180}"
EndProject
Project("{2150E333-8FDC-42A3-9474-1A3956D46DE8}") = "Shared", "Shared", "{57713676-9DBE-331C-AD10-26632AC9EE0C}"
EndProject
Project("{2150E333-8FDC-42A3-9474-1A3956D46DE8}") = "UnrealBuildTool.Plugins", "UnrealBuildTool.Plugins", "{7B5CFB44-F0FB-31DF-AE62-C3C096A29A7B}"
EndProject
Project("{8BC9CEB8-8B4A-11D0-8D11-00A0C91BC942}") = "UE5", "Intermediate\ProjectFiles\UE5.vcxproj", "{29BCA271-CA9A-336A-A8B0-1F54299C5966}"
EndProject
Project("{8BC9CEB8-8B4A-11D0-8D11-00A0C91BC942}") = "MetalworkArena", "Intermediate\ProjectFiles\MetalworkArena.vcxproj", "{A4819600-59BF-31AD-98F5-3BAA6DDE5E74}"
	ProjectSection(ProjectDependencies) = postProject
		{3B028BD5-B3F1-3B8B-AE59-B8BF27EB7247} = {3B028BD5-B3F1-3B8B-AE59-B8BF27EB7247}
	EndProjectSection
EndProject
Project("{FAE04EC0-301F-11D3-BF4B-00C04F79EFBC}") = "UnrealBuildTool", "..\Epic Games\UE_5.3\Engine\Source\Programs\UnrealBuildTool\UnrealBuildTool.csproj", "{3B028BD5-B3F1-3B8B-AE59-B8BF27EB7247}"
EndProject
Project("{FAE04EC0-301F-11D3-BF4B-00C04F79EFBC}") = "AutomationTool", "..\Epic Games\UE_5.3\Engine\Source\Programs\AutomationTool\AutomationTool.csproj", "{78D23EEC-E0A7-3225-A48A-FCE4CFD44DBC}"
EndProject
Project("{FAE04EC0-301F-11D3-BF4B-00C04F79EFBC}") = "Android.Automation", "..\Epic Games\UE_5.3\Engine\Source\Programs\AutomationTool\Android\Android.Automation.csproj", "{B8157DB7-D6F3-3744-B9BD-1F36979171C8}"
EndProject
Project("{FAE04EC0-301F-11D3-BF4B-00C04F79EFBC}") = "Apple.Automation", "..\Epic Games\UE_5.3\Engine\Source\Programs\AutomationTool\Apple\Apple.Automation.csproj", "{7F961595-AC0A-37D9-A0F5-2EF0128249EB}"
EndProject
Project("{FAE04EC0-301F-11D3-BF4B-00C04F79EFBC}") = "AutomationUtils.Automation", "..\Epic Games\UE_5.3\Engine\Source\Programs\AutomationTool\AutomationUtils\AutomationUtils.Automation.csproj", "{3469814F-ABD6-3BBE-9084-DAB403F1E1B4}"
EndProject
Project("{FAE04EC0-301F-11D3-BF4B-00C04F79EFBC}") = "BuildGraph.Automation", "..\Epic Games\UE_5.3\Engine\Source\Programs\AutomationTool\BuildGraph\BuildGraph.Automation.csproj", "{5A5E81D7-B245-3468-9C77-F57756BF5A58}"
EndProject
Project("{FAE04EC0-301F-11D3-BF4B-00C04F79EFBC}") = "CookedEditor.Automation", "..\Epic Games\UE_5.3\Engine\Source\Programs\AutomationTool\CookedEditor\CookedEditor.Automation.csproj", "{DF0559C7-DEBC-3BA3-BBEE-E12B25135E23}"
EndProject
Project("{FAE04EC0-301F-11D3-BF4B-00C04F79EFBC}") = "CrowdinLocalization.Automation", "..\Epic Games\UE_5.3\Engine\Source\Programs\AutomationTool\CrowdinLocalization\CrowdinLocalization.Automation.csproj", "{96BC5A78-3DF8-3C24-8585-AE6E8996B6B7}"
EndProject
Project("{FAE04EC0-301F-11D3-BF4B-00C04F79EFBC}") = "Gauntlet.Automation", "..\Epic Games\UE_5.3\Engine\Source\Programs\AutomationTool\Gauntlet\Gauntlet.Automation.csproj", "{ED97A1F2-4C8C-39FB-B7C4-02D4B6EFF6AE}"
EndProject
Project("{FAE04EC0-301F-11D3-BF4B-00C04F79EFBC}") = "IOS.Automation", "..\Epic Games\UE_5.3\Engine\Source\Programs\AutomationTool\IOS\IOS.Automation.csproj", "{7564F478-DB0F-34B4-A4C9-7B5F3BD40FEF}"
EndProject
Project("{FAE04EC0-301F-11D3-BF4B-00C04F79EFBC}") = "Linux.Automation", "..\Epic Games\UE_5.3\Engine\Source\Programs\AutomationTool\Linux\Linux.Automation.csproj", "{F482FD5E-C79C-3A4A-906A-15F6850EF3C1}"
EndProject
Project("{FAE04EC0-301F-11D3-BF4B-00C04F79EFBC}") = "Localization.Automation", "..\Epic Games\UE_5.3\Engine\Source\Programs\AutomationTool\Localization\Localization.Automation.csproj", "{8483C838-8FB9-3485-A230-69421D1B0F54}"
EndProject
Project("{FAE04EC0-301F-11D3-BF4B-00C04F79EFBC}") = "LowLevelTests.Automation", "..\Epic Games\UE_5.3\Engine\Source\Programs\AutomationTool\LowLevelTests\LowLevelTests.Automation.csproj", "{A65A07CB-F0F6-37F0-BC6B-97BFFD17F846}"
EndProject
Project("{FAE04EC0-301F-11D3-BF4B-00C04F79EFBC}") = "Mac.Automation", "..\Epic Games\UE_5.3\Engine\Source\Programs\AutomationTool\Mac\Mac.Automation.csproj", "{DFE41C05-FD37-3B23-9D1B-9640A0DA993D}"
EndProject
Project("{FAE04EC0-301F-11D3-BF4B-00C04F79EFBC}") = "OneSkyLocalization.Automation", "..\Epic Games\UE_5.3\Engine\Source\Programs\AutomationTool\OneSkyLocalization\OneSkyLocalization.Automation.csproj", "{C9F82042-15FE-30C7-8A2F-906F384F65FA}"
EndProject
Project("{FAE04EC0-301F-11D3-BF4B-00C04F79EFBC}") = "AutomationScripts.Automation", "..\Epic Games\UE_5.3\Engine\Source\Programs\AutomationTool\Scripts\AutomationScripts.Automation.csproj", "{974B1A43-8BDD-3C59-808D-10B981E8EE5D}"
EndProject
Project("{FAE04EC0-301F-11D3-BF4B-00C04F79EFBC}") = "SmartlingLocalization.Automation", "..\Epic Games\UE_5.3\Engine\Source\Programs\AutomationTool\SmartlingLocalization\SmartlingLocalization.Automation.csproj", "{FDB201CC-DC62-3409-B715-997F6A2FF82C}"
EndProject
Project("{FAE04EC0-301F-11D3-BF4B-00C04F79EFBC}") = "SteamDeck.Automation", "..\Epic Games\UE_5.3\Engine\Source\Programs\AutomationTool\SteamDeck\SteamDeck.Automation.csproj", "{A3FDA3C9-DBA2-3428-8FCF-01601F6D7AE3}"
EndProject
Project("{FAE04EC0-301F-11D3-BF4B-00C04F79EFBC}") = "TVOS.Automation", "..\Epic Games\UE_5.3\Engine\Source\Programs\AutomationTool\TVOS\TVOS.Automation.csproj", "{B6E7F213-3F66-3C3F-AF7D-0074E1402DB4}"
EndProject
Project("{FAE04EC0-301F-11D3-BF4B-00C04F79EFBC}") = "Turnkey.Automation", "..\Epic Games\UE_5.3\Engine\Source\Programs\AutomationTool\Turnkey\Turnkey.Automation.csproj", "{4E478B73-A834-3996-BDC5-5CF1E95D72E1}"
EndProject
Project("{FAE04EC0-301F-11D3-BF4B-00C04F79EFBC}") = "Win.Automation", "..\Epic Games\UE_5.3\Engine\Source\Programs\AutomationTool\Win\Win.Automation.csproj", "{50CFF54E-7EE9-35BD-AF8A-BEE97018AF3E}"
EndProject
Project("{FAE04EC0-301F-11D3-BF4B-00C04F79EFBC}") = "XLocLocalization.Automation", "..\Epic Games\UE_5.3\Engine\Source\Programs\AutomationTool\XLocLocalization\XLocLocalization.Automation.csproj", "{EA59991B-1CF0-37B9-9849-C9BCB7CE246E}"
EndProject
Project("{FAE04EC0-301F-11D3-BF4B-00C04F79EFBC}") = "ScriptGeneratorUbtPlugin.ubtplugin", "..\Epic Games\UE_5.3\Engine\Plugins\ScriptPlugin\Source\ScriptGeneratorUbtPlugin\ScriptGeneratorUbtPlugin.ubtplugin.csproj", "{1FC238BE-4EA2-393D-9E6E-D239C69A8727}"
EndProject
Project("{FAE04EC0-301F-11D3-BF4B-00C04F79EFBC}") = "EpicGames.AspNet", "..\Epic Games\UE_5.3\Engine\Source\Programs\Shared\EpicGames.AspNet\EpicGames.AspNet.csproj", "{E1321918-4BBF-31D3-8AF6-EF58B215430D}"
EndProject
Project("{FAE04EC0-301F-11D3-BF4B-00C04F79EFBC}") = "EpicGames.Box", "..\Epic Games\UE_5.3\Engine\Source\Programs\Shared\EpicGames.Box\EpicGames.Box.csproj", "{44DC7CA3-4463-3BF1-990C-06673808C80B}"
EndProject
Project("{FAE04EC0-301F-11D3-BF4B-00C04F79EFBC}") = "EpicGames.Build", "..\Epic Games\UE_5.3\Engine\Source\Programs\Shared\EpicGames.Build\EpicGames.Build.csproj", "{F3863862-003F-3A24-BF6C-C21F1361DA16}"
EndProject
Project("{FAE04EC0-301F-11D3-BF4B-00C04F79EFBC}") = "EpicGames.BuildGraph", "..\Epic Games\UE_5.3\Engine\Source\Programs\Shared\EpicGames.BuildGraph\EpicGames.BuildGraph.csproj", "{1F1A927E-EDAF-313D-B7EC-8CFFB9E5B84A}"
EndProject
Project("{FAE04EC0-301F-11D3-BF4B-00C04F79EFBC}") = "EpicGames.Core", "..\Epic Games\UE_5.3\Engine\Source\Programs\Shared\EpicGames.Core\EpicGames.Core.csproj", "{FE755D88-BD6A-3336-81A3-AE0AF62E276C}"
EndProject
Project("{FAE04EC0-301F-11D3-BF4B-00C04F79EFBC}") = "EpicGames.Horde", "..\Epic Games\UE_5.3\Engine\Source\Programs\Shared\EpicGames.Horde\EpicGames.Horde.csproj", "{033F1BEE-33C3-3DE7-B19D-B7B044AFA9D0}"
EndProject
Project("{FAE04EC0-301F-11D3-BF4B-00C04F79EFBC}") = "EpicGames.IoHash", "..\Epic Games\UE_5.3\Engine\Source\Programs\Shared\EpicGames.IoHash\EpicGames.IoHash.csproj", "{6313DEF9-6C30-3BEF-AEB6-852AE6979775}"
EndProject
Project("{FAE04EC0-301F-11D3-BF4B-00C04F79EFBC}") = "EpicGames.Jupiter", "..\Epic Games\UE_5.3\Engine\Source\Programs\Shared\EpicGames.Jupiter\EpicGames.Jupiter.csproj", "{F3D0848F-B64D-3053-BF67-4C8F5EF6D0E8}"
EndProject
Project("{FAE04EC0-301F-11D3-BF4B-00C04F79EFBC}") = "EpicGames.MongoDB", "..\Epic Games\UE_5.3\Engine\Source\Programs\Shared\EpicGames.MongoDB\EpicGames.MongoDB.csproj", "{84E4F9CD-34DF-3EEA-94EA-BA12C17450A8}"
EndProject
Project("{FAE04EC0-301F-11D3-BF4B-00C04F79EFBC}") = "EpicGames.MsBuild", "..\Epic Games\UE_5.3\Engine\Source\Programs\Shared\EpicGames.MsBuild\EpicGames.MsBuild.csproj", "{D6C20C96-3720-3923-BB75-8B184D2A7377}"
EndProject
Project("{FAE04EC0-301F-11D3-BF4B-00C04F79EFBC}") = "EpicGames.OIDC", "..\Epic Games\UE_5.3\Engine\Source\Programs\Shared\EpicGames.OIDC\EpicGames.OIDC.csproj", "{2D14B7CB-1735-362B-AA55-DEC8112E45A6}"
EndProject
Project("{FAE04EC0-301F-11D3-BF4B-00C04F79EFBC}") = "EpicGames.Oodle", "..\Epic Games\UE_5.3\Engine\Source\Programs\Shared\EpicGames.Oodle\EpicGames.Oodle.csproj", "{33860EFB-7B60-38D0-829A-19424DC2FB44}"
EndProject
Project("{FAE04EC0-301F-11D3-BF4B-00C04F79EFBC}") = "EpicGames.Perforce", "..\Epic Games\UE_5.3\Engine\Source\Programs\Shared\EpicGames.Perforce\EpicGames.Perforce.csproj", "{029E1878-3FD9-3D6A-8984-84F68B8139AA}"
EndProject
Project("{FAE04EC0-301F-11D3-BF4B-00C04F79EFBC}") = "EpicGames.Perforce.Fixture", "..\Epic Games\UE_5.3\Engine\Source\Programs\Shared\EpicGames.Perforce.Fixture\EpicGames.Perforce.Fixture.csproj", "{0BA068CC-B54B-3322-9E18-C70F9FC4687F}"
EndProject
Project("{FAE04EC0-301F-11D3-BF4B-00C04F79EFBC}") = "EpicGames.Perforce.Managed", "..\Epic Games\UE_5.3\Engine\Source\Programs\Shared\EpicGames.Perforce.Managed\EpicGames.Perforce.Managed.csproj", "{DA106FDE-9D9D-3C6A-BAEC-DF0F3CE210D3}"
EndProject
Project("{FAE04EC0-301F-11D3-BF4B-00C04F79EFBC}") = "EpicGames.Redis", "..\Epic Games\UE_5.3\Engine\Source\Programs\Shared\EpicGames.Redis\EpicGames.Redis.csproj", "{3575B16F-4D74-3ADA-8666-2B294ABCA2AE}"
EndProject
Project("{FAE04EC0-301F-11D3-BF4B-00C04F79EFBC}") = "EpicGames.Serialization", "..\Epic Games\UE_5.3\Engine\Source\Programs\Shared\EpicGames.Serialization\EpicGames.Serialization.csproj", "{6A768D71-C928-3193-AEAB-E0A57C26029D}"
EndProject
Project("{FAE04EC0-301F-11D3-BF4B-00C04F79EFBC}") = "EpicGames.Slack", "..\Epic Games\UE_5.3\Engine\Source\Programs\Shared\EpicGames.Slack\EpicGames.Slack.csproj", "{4B980275-1669-39FF-90A9-1F9850DECCA5}"
EndProject
Project("{FAE04EC0-301F-11D3-BF4B-00C04F79EFBC}") = "EpicGames.Tracing", "..\Epic Games\UE_5.3\Engine\Source\Programs\Shared\EpicGames.Tracing\EpicGames.Tracing.csproj", "{2DACD688-ADA2-3866-A5E9-982186F0B758}"
EndProject
Project("{FAE04EC0-301F-11D3-BF4B-00C04F79EFBC}") = "EpicGames.UHT", "..\Epic Games\UE_5.3\Engine\Source\Programs\Shared\EpicGames.UHT\EpicGames.UHT.csproj", "{60BF6AF2-E66B-38FA-8BB6-1644A4FB6453}"
EndProject
Project("{FAE04EC0-301F-11D3-BF4B-00C04F79EFBC}") = "MarketplaceRules", "..\Epic Games\UE_5.3\Engine\Intermediate\Build\BuildRulesProjects\MarketplaceRules\MarketplaceRules.csproj", "{C8D6E041-31B9-3F53-9591-210651C6E0B9}"
EndProject
Project("{FAE04EC0-301F-11D3-BF4B-00C04F79EFBC}") = "UE5ProgramRules", "..\Epic Games\UE_5.3\Engine\Intermediate\Build\BuildRulesProjects\UE5ProgramRules\UE5ProgramRules.csproj", "{8B11BD28-79B8-3887-B78E-4E9A5E59F586}"
EndProject
Project("{FAE04EC0-301F-11D3-BF4B-00C04F79EFBC}") = "UE5Rules", "..\Epic Games\UE_5.3\Engine\Intermediate\Build\BuildRulesProjects\UE5Rules\UE5Rules.csproj", "{B0DB4105-9460-3F6F-B1CE-60C992AE0601}"
EndProject
Project("{FAE04EC0-301F-11D3-BF4B-00C04F79EFBC}") = "MetalworkArenaModuleRules", "Intermediate\Build\BuildRulesProjects\MetalworkArenaModuleRules\MetalworkArenaModuleRules.csproj", "{B8CF59CD-0D44-38E4-99E4-CB539E0DEFBC}"
EndProject
Project("{2150E333-8FDC-42A3-9474-1A3956D46DE8}") = "Visualizers", "Visualizers", "{1CCEC849-CC72-4C59-8C36-2F7C38706D4C}"
	ProjectSection(SolutionItems) = preProject
		..\Epic Games\UE_5.3\Engine\Extras\VisualStudioDebugging\Unreal.natstepfilter = ..\Epic Games\UE_5.3\Engine\Extras\VisualStudioDebugging\Unreal.natstepfilter
		..\Epic Games\UE_5.3\Engine\Extras\VisualStudioDebugging\Unreal.natvis = ..\Epic Games\UE_5.3\Engine\Extras\VisualStudioDebugging\Unreal.natvis
	EndProjectSection
EndProject
Project("{911E67C6-3D85-4FCE-B560-20A9C3E3FF48}") = "MetalworkArena-Win64-DebugGame", "Binaries\Win64\MetalworkArena-Win64-DebugGame.exe", "{32316B6F-02C5-4EAE-9913-ACD9F27041CD}"
	ProjectSection(DebuggerProjectSystem) = preProject
		PortSupplier = 00000000-0000-0000-0000-000000000000
		Executable = D:\iProject\MetalworkArena\Binaries\Win64\MetalworkArena-Win64-DebugGame.exe
		RemoteMachine = DESKTOP-4K7IGTI
		StartingDirectory = D:\iProject\MetalworkArena\Binaries\Win64
		Arguments = -player 1
		Environment = Default
		LaunchingEngine = 00000000-0000-0000-0000-000000000000
		UseLegacyDebugEngines = No
		LaunchSQLEngine = No
		AttachLaunchAction = No
		IORedirection = Auto
	EndProjectSection
EndProject
Global
	GlobalSection(SolutionConfigurationPlatforms) = preSolution
		DebugGame Editor|Win64 = DebugGame Editor|Win64
		DebugGame Editor|x64 = DebugGame Editor|x64
		DebugGame|Win64 = DebugGame|Win64
		DebugGame|x64 = DebugGame|x64
		Development Editor|Win64 = Development Editor|Win64
		Development Editor|x64 = Development Editor|x64
		Development|Win64 = Development|Win64
		Development|x64 = Development|x64
		Release|Win64 = Release|Win64
		Release|x64 = Release|x64
		Shipping|Win64 = Shipping|Win64
		Shipping|x64 = Shipping|x64
	EndGlobalSection
	GlobalSection(ProjectConfigurationPlatforms) = postSolution
		{29BCA271-CA9A-336A-A8B0-1F54299C5966}.DebugGame Editor|Win64.ActiveCfg = BuiltWithUnrealBuildTool|Win64
		{29BCA271-CA9A-336A-A8B0-1F54299C5966}.DebugGame Editor|x64.ActiveCfg = Invalid|Win64
		{29BCA271-CA9A-336A-A8B0-1F54299C5966}.DebugGame Editor|x64.Build.0 = Invalid|Win64
		{29BCA271-CA9A-336A-A8B0-1F54299C5966}.DebugGame|Win64.ActiveCfg = BuiltWithUnrealBuildTool|Win64
		{29BCA271-CA9A-336A-A8B0-1F54299C5966}.DebugGame|x64.ActiveCfg = Invalid|Win64
		{29BCA271-CA9A-336A-A8B0-1F54299C5966}.DebugGame|x64.Build.0 = Invalid|Win64
		{29BCA271-CA9A-336A-A8B0-1F54299C5966}.Development Editor|Win64.ActiveCfg = BuiltWithUnrealBuildTool|Win64
		{29BCA271-CA9A-336A-A8B0-1F54299C5966}.Development Editor|x64.ActiveCfg = Invalid|Win64
		{29BCA271-CA9A-336A-A8B0-1F54299C5966}.Development Editor|x64.Build.0 = Invalid|Win64
		{29BCA271-CA9A-336A-A8B0-1F54299C5966}.Development|Win64.ActiveCfg = BuiltWithUnrealBuildTool|Win64
		{29BCA271-CA9A-336A-A8B0-1F54299C5966}.Development|x64.ActiveCfg = Invalid|Win64
		{29BCA271-CA9A-336A-A8B0-1F54299C5966}.Development|x64.Build.0 = Invalid|Win64
		{29BCA271-CA9A-336A-A8B0-1F54299C5966}.Release|Win64.ActiveCfg = Invalid|Win64
		{29BCA271-CA9A-336A-A8B0-1F54299C5966}.Release|Win64.Build.0 = Invalid|Win64
		{29BCA271-CA9A-336A-A8B0-1F54299C5966}.Release|x64.ActiveCfg = Invalid|Win64
		{29BCA271-CA9A-336A-A8B0-1F54299C5966}.Release|x64.Build.0 = Invalid|Win64
		{29BCA271-CA9A-336A-A8B0-1F54299C5966}.Shipping|Win64.ActiveCfg = BuiltWithUnrealBuildTool|Win64
		{29BCA271-CA9A-336A-A8B0-1F54299C5966}.Shipping|x64.ActiveCfg = Invalid|Win64
		{29BCA271-CA9A-336A-A8B0-1F54299C5966}.Shipping|x64.Build.0 = Invalid|Win64
		{A4819600-59BF-31AD-98F5-3BAA6DDE5E74}.DebugGame Editor|Win64.ActiveCfg = DebugGame_Editor|x64
		{A4819600-59BF-31AD-98F5-3BAA6DDE5E74}.DebugGame Editor|Win64.Build.0 = DebugGame_Editor|x64
		{A4819600-59BF-31AD-98F5-3BAA6DDE5E74}.DebugGame Editor|x64.ActiveCfg = Development_Editor|x64
		{A4819600-59BF-31AD-98F5-3BAA6DDE5E74}.DebugGame Editor|x64.Build.0 = Development_Editor|x64
		{A4819600-59BF-31AD-98F5-3BAA6DDE5E74}.DebugGame|Win64.ActiveCfg = DebugGame|x64
		{A4819600-59BF-31AD-98F5-3BAA6DDE5E74}.DebugGame|Win64.Build.0 = DebugGame|x64
		{A4819600-59BF-31AD-98F5-3BAA6DDE5E74}.DebugGame|x64.ActiveCfg = DebugGame|x64
		{A4819600-59BF-31AD-98F5-3BAA6DDE5E74}.DebugGame|x64.Build.0 = DebugGame|x64
		{A4819600-59BF-31AD-98F5-3BAA6DDE5E74}.Development Editor|Win64.ActiveCfg = Development_Editor|x64
		{A4819600-59BF-31AD-98F5-3BAA6DDE5E74}.Development Editor|Win64.Build.0 = Development_Editor|x64
		{A4819600-59BF-31AD-98F5-3BAA6DDE5E74}.Development Editor|x64.ActiveCfg = Development_Editor|x64
		{A4819600-59BF-31AD-98F5-3BAA6DDE5E74}.Development Editor|x64.Build.0 = Development_Editor|x64
		{A4819600-59BF-31AD-98F5-3BAA6DDE5E74}.Development|Win64.ActiveCfg = Development|x64
		{A4819600-59BF-31AD-98F5-3BAA6DDE5E74}.Development|Win64.Build.0 = Development|x64
		{A4819600-59BF-31AD-98F5-3BAA6DDE5E74}.Development|x64.ActiveCfg = Development|x64
		{A4819600-59BF-31AD-98F5-3BAA6DDE5E74}.Development|x64.Build.0 = Development|x64
		{A4819600-59BF-31AD-98F5-3BAA6DDE5E74}.Release|Win64.ActiveCfg = Invalid|x64
		{A4819600-59BF-31AD-98F5-3BAA6DDE5E74}.Release|Win64.Build.0 = Invalid|x64
		{A4819600-59BF-31AD-98F5-3BAA6DDE5E74}.Release|x64.ActiveCfg = Invalid|x64
		{A4819600-59BF-31AD-98F5-3BAA6DDE5E74}.Release|x64.Build.0 = Invalid|x64
		{A4819600-59BF-31AD-98F5-3BAA6DDE5E74}.Shipping|Win64.ActiveCfg = Shipping|x64
		{A4819600-59BF-31AD-98F5-3BAA6DDE5E74}.Shipping|Win64.Build.0 = Shipping|x64
		{A4819600-59BF-31AD-98F5-3BAA6DDE5E74}.Shipping|x64.ActiveCfg = Shipping|x64
		{A4819600-59BF-31AD-98F5-3BAA6DDE5E74}.Shipping|x64.Build.0 = Shipping|x64
		{3B028BD5-B3F1-3B8B-AE59-B8BF27EB7247}.DebugGame Editor|Win64.ActiveCfg = Development|Any CPU
		{3B028BD5-B3F1-3B8B-AE59-B8BF27EB7247}.DebugGame Editor|Win64.Build.0 = Development|Any CPU
		{3B028BD5-B3F1-3B8B-AE59-B8BF27EB7247}.DebugGame Editor|x64.ActiveCfg = Development|Any CPU
		{3B028BD5-B3F1-3B8B-AE59-B8BF27EB7247}.DebugGame|Win64.ActiveCfg = Development|Any CPU
		{3B028BD5-B3F1-3B8B-AE59-B8BF27EB7247}.DebugGame|Win64.Build.0 = Development|Any CPU
		{3B028BD5-B3F1-3B8B-AE59-B8BF27EB7247}.DebugGame|x64.ActiveCfg = Development|Any CPU
		{3B028BD5-B3F1-3B8B-AE59-B8BF27EB7247}.Development Editor|Win64.ActiveCfg = Development|Any CPU
		{3B028BD5-B3F1-3B8B-AE59-B8BF27EB7247}.Development Editor|Win64.Build.0 = Development|Any CPU
		{3B028BD5-B3F1-3B8B-AE59-B8BF27EB7247}.Development Editor|x64.ActiveCfg = Development|Any CPU
		{3B028BD5-B3F1-3B8B-AE59-B8BF27EB7247}.Development|Win64.ActiveCfg = Development|Any CPU
		{3B028BD5-B3F1-3B8B-AE59-B8BF27EB7247}.Development|Win64.Build.0 = Development|Any CPU
		{3B028BD5-B3F1-3B8B-AE59-B8BF27EB7247}.Development|x64.ActiveCfg = Development|Any CPU
		{3B028BD5-B3F1-3B8B-AE59-B8BF27EB7247}.Release|Win64.ActiveCfg = Development|Any CPU
		{3B028BD5-B3F1-3B8B-AE59-B8BF27EB7247}.Release|x64.ActiveCfg = Development|Any CPU
		{3B028BD5-B3F1-3B8B-AE59-B8BF27EB7247}.Shipping|Win64.ActiveCfg = Development|Any CPU
		{3B028BD5-B3F1-3B8B-AE59-B8BF27EB7247}.Shipping|Win64.Build.0 = Development|Any CPU
		{3B028BD5-B3F1-3B8B-AE59-B8BF27EB7247}.Shipping|x64.ActiveCfg = Development|Any CPU
		{78D23EEC-E0A7-3225-A48A-FCE4CFD44DBC}.DebugGame Editor|Win64.ActiveCfg = Development|Any CPU
		{78D23EEC-E0A7-3225-A48A-FCE4CFD44DBC}.DebugGame Editor|Win64.Build.0 = Development|Any CPU
		{78D23EEC-E0A7-3225-A48A-FCE4CFD44DBC}.DebugGame Editor|x64.ActiveCfg = Development|Any CPU
		{78D23EEC-E0A7-3225-A48A-FCE4CFD44DBC}.DebugGame|Win64.ActiveCfg = Development|Any CPU
		{78D23EEC-E0A7-3225-A48A-FCE4CFD44DBC}.DebugGame|Win64.Build.0 = Development|Any CPU
		{78D23EEC-E0A7-3225-A48A-FCE4CFD44DBC}.DebugGame|x64.ActiveCfg = Development|Any CPU
		{78D23EEC-E0A7-3225-A48A-FCE4CFD44DBC}.Development Editor|Win64.ActiveCfg = Development|Any CPU
		{78D23EEC-E0A7-3225-A48A-FCE4CFD44DBC}.Development Editor|Win64.Build.0 = Development|Any CPU
		{78D23EEC-E0A7-3225-A48A-FCE4CFD44DBC}.Development Editor|x64.ActiveCfg = Development|Any CPU
		{78D23EEC-E0A7-3225-A48A-FCE4CFD44DBC}.Development|Win64.ActiveCfg = Development|Any CPU
		{78D23EEC-E0A7-3225-A48A-FCE4CFD44DBC}.Development|Win64.Build.0 = Development|Any CPU
		{78D23EEC-E0A7-3225-A48A-FCE4CFD44DBC}.Development|x64.ActiveCfg = Development|Any CPU
		{78D23EEC-E0A7-3225-A48A-FCE4CFD44DBC}.Release|Win64.ActiveCfg = Development|Any CPU
		{78D23EEC-E0A7-3225-A48A-FCE4CFD44DBC}.Release|x64.ActiveCfg = Development|Any CPU
		{78D23EEC-E0A7-3225-A48A-FCE4CFD44DBC}.Shipping|Win64.ActiveCfg = Development|Any CPU
		{78D23EEC-E0A7-3225-A48A-FCE4CFD44DBC}.Shipping|Win64.Build.0 = Development|Any CPU
		{78D23EEC-E0A7-3225-A48A-FCE4CFD44DBC}.Shipping|x64.ActiveCfg = Development|Any CPU
		{B8157DB7-D6F3-3744-B9BD-1F36979171C8}.DebugGame Editor|Win64.ActiveCfg = Development|Any CPU
		{B8157DB7-D6F3-3744-B9BD-1F36979171C8}.DebugGame Editor|Win64.Build.0 = Development|Any CPU
		{B8157DB7-D6F3-3744-B9BD-1F36979171C8}.DebugGame Editor|x64.ActiveCfg = Development|Any CPU
		{B8157DB7-D6F3-3744-B9BD-1F36979171C8}.DebugGame|Win64.ActiveCfg = Development|Any CPU
		{B8157DB7-D6F3-3744-B9BD-1F36979171C8}.DebugGame|Win64.Build.0 = Development|Any CPU
		{B8157DB7-D6F3-3744-B9BD-1F36979171C8}.DebugGame|x64.ActiveCfg = Development|Any CPU
		{B8157DB7-D6F3-3744-B9BD-1F36979171C8}.Development Editor|Win64.ActiveCfg = Development|Any CPU
		{B8157DB7-D6F3-3744-B9BD-1F36979171C8}.Development Editor|Win64.Build.0 = Development|Any CPU
		{B8157DB7-D6F3-3744-B9BD-1F36979171C8}.Development Editor|x64.ActiveCfg = Development|Any CPU
		{B8157DB7-D6F3-3744-B9BD-1F36979171C8}.Development|Win64.ActiveCfg = Development|Any CPU
		{B8157DB7-D6F3-3744-B9BD-1F36979171C8}.Development|Win64.Build.0 = Development|Any CPU
		{B8157DB7-D6F3-3744-B9BD-1F36979171C8}.Development|x64.ActiveCfg = Development|Any CPU
		{B8157DB7-D6F3-3744-B9BD-1F36979171C8}.Release|Win64.ActiveCfg = Development|Any CPU
		{B8157DB7-D6F3-3744-B9BD-1F36979171C8}.Release|x64.ActiveCfg = Development|Any CPU
		{B8157DB7-D6F3-3744-B9BD-1F36979171C8}.Shipping|Win64.ActiveCfg = Development|Any CPU
		{B8157DB7-D6F3-3744-B9BD-1F36979171C8}.Shipping|Win64.Build.0 = Development|Any CPU
		{B8157DB7-D6F3-3744-B9BD-1F36979171C8}.Shipping|x64.ActiveCfg = Development|Any CPU
		{7F961595-AC0A-37D9-A0F5-2EF0128249EB}.DebugGame Editor|Win64.ActiveCfg = Development|Any CPU
		{7F961595-AC0A-37D9-A0F5-2EF0128249EB}.DebugGame Editor|Win64.Build.0 = Development|Any CPU
		{7F961595-AC0A-37D9-A0F5-2EF0128249EB}.DebugGame Editor|x64.ActiveCfg = Development|Any CPU
		{7F961595-AC0A-37D9-A0F5-2EF0128249EB}.DebugGame|Win64.ActiveCfg = Development|Any CPU
		{7F961595-AC0A-37D9-A0F5-2EF0128249EB}.DebugGame|Win64.Build.0 = Development|Any CPU
		{7F961595-AC0A-37D9-A0F5-2EF0128249EB}.DebugGame|x64.ActiveCfg = Development|Any CPU
		{7F961595-AC0A-37D9-A0F5-2EF0128249EB}.Development Editor|Win64.ActiveCfg = Development|Any CPU
		{7F961595-AC0A-37D9-A0F5-2EF0128249EB}.Development Editor|Win64.Build.0 = Development|Any CPU
		{7F961595-AC0A-37D9-A0F5-2EF0128249EB}.Development Editor|x64.ActiveCfg = Development|Any CPU
		{7F961595-AC0A-37D9-A0F5-2EF0128249EB}.Development|Win64.ActiveCfg = Development|Any CPU
		{7F961595-AC0A-37D9-A0F5-2EF0128249EB}.Development|Win64.Build.0 = Development|Any CPU
		{7F961595-AC0A-37D9-A0F5-2EF0128249EB}.Development|x64.ActiveCfg = Development|Any CPU
		{7F961595-AC0A-37D9-A0F5-2EF0128249EB}.Release|Win64.ActiveCfg = Development|Any CPU
		{7F961595-AC0A-37D9-A0F5-2EF0128249EB}.Release|x64.ActiveCfg = Development|Any CPU
		{7F961595-AC0A-37D9-A0F5-2EF0128249EB}.Shipping|Win64.ActiveCfg = Development|Any CPU
		{7F961595-AC0A-37D9-A0F5-2EF0128249EB}.Shipping|Win64.Build.0 = Development|Any CPU
		{7F961595-AC0A-37D9-A0F5-2EF0128249EB}.Shipping|x64.ActiveCfg = Development|Any CPU
		{3469814F-ABD6-3BBE-9084-DAB403F1E1B4}.DebugGame Editor|Win64.ActiveCfg = Development|Any CPU
		{3469814F-ABD6-3BBE-9084-DAB403F1E1B4}.DebugGame Editor|Win64.Build.0 = Development|Any CPU
		{3469814F-ABD6-3BBE-9084-DAB403F1E1B4}.DebugGame Editor|x64.ActiveCfg = Development|Any CPU
		{3469814F-ABD6-3BBE-9084-DAB403F1E1B4}.DebugGame|Win64.ActiveCfg = Development|Any CPU
		{3469814F-ABD6-3BBE-9084-DAB403F1E1B4}.DebugGame|Win64.Build.0 = Development|Any CPU
		{3469814F-ABD6-3BBE-9084-DAB403F1E1B4}.DebugGame|x64.ActiveCfg = Development|Any CPU
		{3469814F-ABD6-3BBE-9084-DAB403F1E1B4}.Development Editor|Win64.ActiveCfg = Development|Any CPU
		{3469814F-ABD6-3BBE-9084-DAB403F1E1B4}.Development Editor|Win64.Build.0 = Development|Any CPU
		{3469814F-ABD6-3BBE-9084-DAB403F1E1B4}.Development Editor|x64.ActiveCfg = Development|Any CPU
		{3469814F-ABD6-3BBE-9084-DAB403F1E1B4}.Development|Win64.ActiveCfg = Development|Any CPU
		{3469814F-ABD6-3BBE-9084-DAB403F1E1B4}.Development|Win64.Build.0 = Development|Any CPU
		{3469814F-ABD6-3BBE-9084-DAB403F1E1B4}.Development|x64.ActiveCfg = Development|Any CPU
		{3469814F-ABD6-3BBE-9084-DAB403F1E1B4}.Release|Win64.ActiveCfg = Development|Any CPU
		{3469814F-ABD6-3BBE-9084-DAB403F1E1B4}.Release|x64.ActiveCfg = Development|Any CPU
		{3469814F-ABD6-3BBE-9084-DAB403F1E1B4}.Shipping|Win64.ActiveCfg = Development|Any CPU
		{3469814F-ABD6-3BBE-9084-DAB403F1E1B4}.Shipping|Win64.Build.0 = Development|Any CPU
		{3469814F-ABD6-3BBE-9084-DAB403F1E1B4}.Shipping|x64.ActiveCfg = Development|Any CPU
		{5A5E81D7-B245-3468-9C77-F57756BF5A58}.DebugGame Editor|Win64.ActiveCfg = Development|Any CPU
		{5A5E81D7-B245-3468-9C77-F57756BF5A58}.DebugGame Editor|Win64.Build.0 = Development|Any CPU
		{5A5E81D7-B245-3468-9C77-F57756BF5A58}.DebugGame Editor|x64.ActiveCfg = Development|Any CPU
		{5A5E81D7-B245-3468-9C77-F57756BF5A58}.DebugGame|Win64.ActiveCfg = Development|Any CPU
		{5A5E81D7-B245-3468-9C77-F57756BF5A58}.DebugGame|Win64.Build.0 = Development|Any CPU
		{5A5E81D7-B245-3468-9C77-F57756BF5A58}.DebugGame|x64.ActiveCfg = Development|Any CPU
		{5A5E81D7-B245-3468-9C77-F57756BF5A58}.Development Editor|Win64.ActiveCfg = Development|Any CPU
		{5A5E81D7-B245-3468-9C77-F57756BF5A58}.Development Editor|Win64.Build.0 = Development|Any CPU
		{5A5E81D7-B245-3468-9C77-F57756BF5A58}.Development Editor|x64.ActiveCfg = Development|Any CPU
		{5A5E81D7-B245-3468-9C77-F57756BF5A58}.Development|Win64.ActiveCfg = Development|Any CPU
		{5A5E81D7-B245-3468-9C77-F57756BF5A58}.Development|Win64.Build.0 = Development|Any CPU
		{5A5E81D7-B245-3468-9C77-F57756BF5A58}.Development|x64.ActiveCfg = Development|Any CPU
		{5A5E81D7-B245-3468-9C77-F57756BF5A58}.Release|Win64.ActiveCfg = Development|Any CPU
		{5A5E81D7-B245-3468-9C77-F57756BF5A58}.Release|x64.ActiveCfg = Development|Any CPU
		{5A5E81D7-B245-3468-9C77-F57756BF5A58}.Shipping|Win64.ActiveCfg = Development|Any CPU
		{5A5E81D7-B245-3468-9C77-F57756BF5A58}.Shipping|Win64.Build.0 = Development|Any CPU
		{5A5E81D7-B245-3468-9C77-F57756BF5A58}.Shipping|x64.ActiveCfg = Development|Any CPU
		{DF0559C7-DEBC-3BA3-BBEE-E12B25135E23}.DebugGame Editor|Win64.ActiveCfg = Development|Any CPU
		{DF0559C7-DEBC-3BA3-BBEE-E12B25135E23}.DebugGame Editor|Win64.Build.0 = Development|Any CPU
		{DF0559C7-DEBC-3BA3-BBEE-E12B25135E23}.DebugGame Editor|x64.ActiveCfg = Development|Any CPU
		{DF0559C7-DEBC-3BA3-BBEE-E12B25135E23}.DebugGame|Win64.ActiveCfg = Development|Any CPU
		{DF0559C7-DEBC-3BA3-BBEE-E12B25135E23}.DebugGame|Win64.Build.0 = Development|Any CPU
		{DF0559C7-DEBC-3BA3-BBEE-E12B25135E23}.DebugGame|x64.ActiveCfg = Development|Any CPU
		{DF0559C7-DEBC-3BA3-BBEE-E12B25135E23}.Development Editor|Win64.ActiveCfg = Development|Any CPU
		{DF0559C7-DEBC-3BA3-BBEE-E12B25135E23}.Development Editor|Win64.Build.0 = Development|Any CPU
		{DF0559C7-DEBC-3BA3-BBEE-E12B25135E23}.Development Editor|x64.ActiveCfg = Development|Any CPU
		{DF0559C7-DEBC-3BA3-BBEE-E12B25135E23}.Development|Win64.ActiveCfg = Development|Any CPU
		{DF0559C7-DEBC-3BA3-BBEE-E12B25135E23}.Development|Win64.Build.0 = Development|Any CPU
		{DF0559C7-DEBC-3BA3-BBEE-E12B25135E23}.Development|x64.ActiveCfg = Development|Any CPU
		{DF0559C7-DEBC-3BA3-BBEE-E12B25135E23}.Release|Win64.ActiveCfg = Development|Any CPU
		{DF0559C7-DEBC-3BA3-BBEE-E12B25135E23}.Release|x64.ActiveCfg = Development|Any CPU
		{DF0559C7-DEBC-3BA3-BBEE-E12B25135E23}.Shipping|Win64.ActiveCfg = Development|Any CPU
		{DF0559C7-DEBC-3BA3-BBEE-E12B25135E23}.Shipping|Win64.Build.0 = Development|Any CPU
		{DF0559C7-DEBC-3BA3-BBEE-E12B25135E23}.Shipping|x64.ActiveCfg = Development|Any CPU
		{96BC5A78-3DF8-3C24-8585-AE6E8996B6B7}.DebugGame Editor|Win64.ActiveCfg = Development|Any CPU
		{96BC5A78-3DF8-3C24-8585-AE6E8996B6B7}.DebugGame Editor|Win64.Build.0 = Development|Any CPU
		{96BC5A78-3DF8-3C24-8585-AE6E8996B6B7}.DebugGame Editor|x64.ActiveCfg = Development|Any CPU
		{96BC5A78-3DF8-3C24-8585-AE6E8996B6B7}.DebugGame|Win64.ActiveCfg = Development|Any CPU
		{96BC5A78-3DF8-3C24-8585-AE6E8996B6B7}.DebugGame|Win64.Build.0 = Development|Any CPU
		{96BC5A78-3DF8-3C24-8585-AE6E8996B6B7}.DebugGame|x64.ActiveCfg = Development|Any CPU
		{96BC5A78-3DF8-3C24-8585-AE6E8996B6B7}.Development Editor|Win64.ActiveCfg = Development|Any CPU
		{96BC5A78-3DF8-3C24-8585-AE6E8996B6B7}.Development Editor|Win64.Build.0 = Development|Any CPU
		{96BC5A78-3DF8-3C24-8585-AE6E8996B6B7}.Development Editor|x64.ActiveCfg = Development|Any CPU
		{96BC5A78-3DF8-3C24-8585-AE6E8996B6B7}.Development|Win64.ActiveCfg = Development|Any CPU
		{96BC5A78-3DF8-3C24-8585-AE6E8996B6B7}.Development|Win64.Build.0 = Development|Any CPU
		{96BC5A78-3DF8-3C24-8585-AE6E8996B6B7}.Development|x64.ActiveCfg = Development|Any CPU
		{96BC5A78-3DF8-3C24-8585-AE6E8996B6B7}.Release|Win64.ActiveCfg = Development|Any CPU
		{96BC5A78-3DF8-3C24-8585-AE6E8996B6B7}.Release|x64.ActiveCfg = Development|Any CPU
		{96BC5A78-3DF8-3C24-8585-AE6E8996B6B7}.Shipping|Win64.ActiveCfg = Development|Any CPU
		{96BC5A78-3DF8-3C24-8585-AE6E8996B6B7}.Shipping|Win64.Build.0 = Development|Any CPU
		{96BC5A78-3DF8-3C24-8585-AE6E8996B6B7}.Shipping|x64.ActiveCfg = Development|Any CPU
		{ED97A1F2-4C8C-39FB-B7C4-02D4B6EFF6AE}.DebugGame Editor|Win64.ActiveCfg = Development|Any CPU
		{ED97A1F2-4C8C-39FB-B7C4-02D4B6EFF6AE}.DebugGame Editor|Win64.Build.0 = Development|Any CPU
		{ED97A1F2-4C8C-39FB-B7C4-02D4B6EFF6AE}.DebugGame Editor|x64.ActiveCfg = Development|Any CPU
		{ED97A1F2-4C8C-39FB-B7C4-02D4B6EFF6AE}.DebugGame|Win64.ActiveCfg = Development|Any CPU
		{ED97A1F2-4C8C-39FB-B7C4-02D4B6EFF6AE}.DebugGame|Win64.Build.0 = Development|Any CPU
		{ED97A1F2-4C8C-39FB-B7C4-02D4B6EFF6AE}.DebugGame|x64.ActiveCfg = Development|Any CPU
		{ED97A1F2-4C8C-39FB-B7C4-02D4B6EFF6AE}.Development Editor|Win64.ActiveCfg = Development|Any CPU
		{ED97A1F2-4C8C-39FB-B7C4-02D4B6EFF6AE}.Development Editor|Win64.Build.0 = Development|Any CPU
		{ED97A1F2-4C8C-39FB-B7C4-02D4B6EFF6AE}.Development Editor|x64.ActiveCfg = Development|Any CPU
		{ED97A1F2-4C8C-39FB-B7C4-02D4B6EFF6AE}.Development|Win64.ActiveCfg = Development|Any CPU
		{ED97A1F2-4C8C-39FB-B7C4-02D4B6EFF6AE}.Development|Win64.Build.0 = Development|Any CPU
		{ED97A1F2-4C8C-39FB-B7C4-02D4B6EFF6AE}.Development|x64.ActiveCfg = Development|Any CPU
		{ED97A1F2-4C8C-39FB-B7C4-02D4B6EFF6AE}.Release|Win64.ActiveCfg = Development|Any CPU
		{ED97A1F2-4C8C-39FB-B7C4-02D4B6EFF6AE}.Release|x64.ActiveCfg = Development|Any CPU
		{ED97A1F2-4C8C-39FB-B7C4-02D4B6EFF6AE}.Shipping|Win64.ActiveCfg = Development|Any CPU
		{ED97A1F2-4C8C-39FB-B7C4-02D4B6EFF6AE}.Shipping|Win64.Build.0 = Development|Any CPU
		{ED97A1F2-4C8C-39FB-B7C4-02D4B6EFF6AE}.Shipping|x64.ActiveCfg = Development|Any CPU
		{7564F478-DB0F-34B4-A4C9-7B5F3BD40FEF}.DebugGame Editor|Win64.ActiveCfg = Development|Any CPU
		{7564F478-DB0F-34B4-A4C9-7B5F3BD40FEF}.DebugGame Editor|Win64.Build.0 = Development|Any CPU
		{7564F478-DB0F-34B4-A4C9-7B5F3BD40FEF}.DebugGame Editor|x64.ActiveCfg = Development|Any CPU
		{7564F478-DB0F-34B4-A4C9-7B5F3BD40FEF}.DebugGame|Win64.ActiveCfg = Development|Any CPU
		{7564F478-DB0F-34B4-A4C9-7B5F3BD40FEF}.DebugGame|Win64.Build.0 = Development|Any CPU
		{7564F478-DB0F-34B4-A4C9-7B5F3BD40FEF}.DebugGame|x64.ActiveCfg = Development|Any CPU
		{7564F478-DB0F-34B4-A4C9-7B5F3BD40FEF}.Development Editor|Win64.ActiveCfg = Development|Any CPU
		{7564F478-DB0F-34B4-A4C9-7B5F3BD40FEF}.Development Editor|Win64.Build.0 = Development|Any CPU
		{7564F478-DB0F-34B4-A4C9-7B5F3BD40FEF}.Development Editor|x64.ActiveCfg = Development|Any CPU
		{7564F478-DB0F-34B4-A4C9-7B5F3BD40FEF}.Development|Win64.ActiveCfg = Development|Any CPU
		{7564F478-DB0F-34B4-A4C9-7B5F3BD40FEF}.Development|Win64.Build.0 = Development|Any CPU
		{7564F478-DB0F-34B4-A4C9-7B5F3BD40FEF}.Development|x64.ActiveCfg = Development|Any CPU
		{7564F478-DB0F-34B4-A4C9-7B5F3BD40FEF}.Release|Win64.ActiveCfg = Development|Any CPU
		{7564F478-DB0F-34B4-A4C9-7B5F3BD40FEF}.Release|x64.ActiveCfg = Development|Any CPU
		{7564F478-DB0F-34B4-A4C9-7B5F3BD40FEF}.Shipping|Win64.ActiveCfg = Development|Any CPU
		{7564F478-DB0F-34B4-A4C9-7B5F3BD40FEF}.Shipping|Win64.Build.0 = Development|Any CPU
		{7564F478-DB0F-34B4-A4C9-7B5F3BD40FEF}.Shipping|x64.ActiveCfg = Development|Any CPU
		{F482FD5E-C79C-3A4A-906A-15F6850EF3C1}.DebugGame Editor|Win64.ActiveCfg = Development|Any CPU
		{F482FD5E-C79C-3A4A-906A-15F6850EF3C1}.DebugGame Editor|Win64.Build.0 = Development|Any CPU
		{F482FD5E-C79C-3A4A-906A-15F6850EF3C1}.DebugGame Editor|x64.ActiveCfg = Development|Any CPU
		{F482FD5E-C79C-3A4A-906A-15F6850EF3C1}.DebugGame|Win64.ActiveCfg = Development|Any CPU
		{F482FD5E-C79C-3A4A-906A-15F6850EF3C1}.DebugGame|Win64.Build.0 = Development|Any CPU
		{F482FD5E-C79C-3A4A-906A-15F6850EF3C1}.DebugGame|x64.ActiveCfg = Development|Any CPU
		{F482FD5E-C79C-3A4A-906A-15F6850EF3C1}.Development Editor|Win64.ActiveCfg = Development|Any CPU
		{F482FD5E-C79C-3A4A-906A-15F6850EF3C1}.Development Editor|Win64.Build.0 = Development|Any CPU
		{F482FD5E-C79C-3A4A-906A-15F6850EF3C1}.Development Editor|x64.ActiveCfg = Development|Any CPU
		{F482FD5E-C79C-3A4A-906A-15F6850EF3C1}.Development|Win64.ActiveCfg = Development|Any CPU
		{F482FD5E-C79C-3A4A-906A-15F6850EF3C1}.Development|Win64.Build.0 = Development|Any CPU
		{F482FD5E-C79C-3A4A-906A-15F6850EF3C1}.Development|x64.ActiveCfg = Development|Any CPU
		{F482FD5E-C79C-3A4A-906A-15F6850EF3C1}.Release|Win64.ActiveCfg = Development|Any CPU
		{F482FD5E-C79C-3A4A-906A-15F6850EF3C1}.Release|x64.ActiveCfg = Development|Any CPU
		{F482FD5E-C79C-3A4A-906A-15F6850EF3C1}.Shipping|Win64.ActiveCfg = Development|Any CPU
		{F482FD5E-C79C-3A4A-906A-15F6850EF3C1}.Shipping|Win64.Build.0 = Development|Any CPU
		{F482FD5E-C79C-3A4A-906A-15F6850EF3C1}.Shipping|x64.ActiveCfg = Development|Any CPU
		{8483C838-8FB9-3485-A230-69421D1B0F54}.DebugGame Editor|Win64.ActiveCfg = Development|Any CPU
		{8483C838-8FB9-3485-A230-69421D1B0F54}.DebugGame Editor|Win64.Build.0 = Development|Any CPU
		{8483C838-8FB9-3485-A230-69421D1B0F54}.DebugGame Editor|x64.ActiveCfg = Development|Any CPU
		{8483C838-8FB9-3485-A230-69421D1B0F54}.DebugGame|Win64.ActiveCfg = Development|Any CPU
		{8483C838-8FB9-3485-A230-69421D1B0F54}.DebugGame|Win64.Build.0 = Development|Any CPU
		{8483C838-8FB9-3485-A230-69421D1B0F54}.DebugGame|x64.ActiveCfg = Development|Any CPU
		{8483C838-8FB9-3485-A230-69421D1B0F54}.Development Editor|Win64.ActiveCfg = Development|Any CPU
		{8483C838-8FB9-3485-A230-69421D1B0F54}.Development Editor|Win64.Build.0 = Development|Any CPU
		{8483C838-8FB9-3485-A230-69421D1B0F54}.Development Editor|x64.ActiveCfg = Development|Any CPU
		{8483C838-8FB9-3485-A230-69421D1B0F54}.Development|Win64.ActiveCfg = Development|Any CPU
		{8483C838-8FB9-3485-A230-69421D1B0F54}.Development|Win64.Build.0 = Development|Any CPU
		{8483C838-8FB9-3485-A230-69421D1B0F54}.Development|x64.ActiveCfg = Development|Any CPU
		{8483C838-8FB9-3485-A230-69421D1B0F54}.Release|Win64.ActiveCfg = Development|Any CPU
		{8483C838-8FB9-3485-A230-69421D1B0F54}.Release|x64.ActiveCfg = Development|Any CPU
		{8483C838-8FB9-3485-A230-69421D1B0F54}.Shipping|Win64.ActiveCfg = Development|Any CPU
		{8483C838-8FB9-3485-A230-69421D1B0F54}.Shipping|Win64.Build.0 = Development|Any CPU
		{8483C838-8FB9-3485-A230-69421D1B0F54}.Shipping|x64.ActiveCfg = Development|Any CPU
		{A65A07CB-F0F6-37F0-BC6B-97BFFD17F846}.DebugGame Editor|Win64.ActiveCfg = Development|Any CPU
		{A65A07CB-F0F6-37F0-BC6B-97BFFD17F846}.DebugGame Editor|Win64.Build.0 = Development|Any CPU
		{A65A07CB-F0F6-37F0-BC6B-97BFFD17F846}.DebugGame Editor|x64.ActiveCfg = Development|Any CPU
		{A65A07CB-F0F6-37F0-BC6B-97BFFD17F846}.DebugGame|Win64.ActiveCfg = Development|Any CPU
		{A65A07CB-F0F6-37F0-BC6B-97BFFD17F846}.DebugGame|Win64.Build.0 = Development|Any CPU
		{A65A07CB-F0F6-37F0-BC6B-97BFFD17F846}.DebugGame|x64.ActiveCfg = Development|Any CPU
		{A65A07CB-F0F6-37F0-BC6B-97BFFD17F846}.Development Editor|Win64.ActiveCfg = Development|Any CPU
		{A65A07CB-F0F6-37F0-BC6B-97BFFD17F846}.Development Editor|Win64.Build.0 = Development|Any CPU
		{A65A07CB-F0F6-37F0-BC6B-97BFFD17F846}.Development Editor|x64.ActiveCfg = Development|Any CPU
		{A65A07CB-F0F6-37F0-BC6B-97BFFD17F846}.Development|Win64.ActiveCfg = Development|Any CPU
		{A65A07CB-F0F6-37F0-BC6B-97BFFD17F846}.Development|Win64.Build.0 = Development|Any CPU
		{A65A07CB-F0F6-37F0-BC6B-97BFFD17F846}.Development|x64.ActiveCfg = Development|Any CPU
		{A65A07CB-F0F6-37F0-BC6B-97BFFD17F846}.Release|Win64.ActiveCfg = Development|Any CPU
		{A65A07CB-F0F6-37F0-BC6B-97BFFD17F846}.Release|x64.ActiveCfg = Development|Any CPU
		{A65A07CB-F0F6-37F0-BC6B-97BFFD17F846}.Shipping|Win64.ActiveCfg = Development|Any CPU
		{A65A07CB-F0F6-37F0-BC6B-97BFFD17F846}.Shipping|Win64.Build.0 = Development|Any CPU
		{A65A07CB-F0F6-37F0-BC6B-97BFFD17F846}.Shipping|x64.ActiveCfg = Development|Any CPU
		{DFE41C05-FD37-3B23-9D1B-9640A0DA993D}.DebugGame Editor|Win64.ActiveCfg = Development|Any CPU
		{DFE41C05-FD37-3B23-9D1B-9640A0DA993D}.DebugGame Editor|Win64.Build.0 = Development|Any CPU
		{DFE41C05-FD37-3B23-9D1B-9640A0DA993D}.DebugGame Editor|x64.ActiveCfg = Development|Any CPU
		{DFE41C05-FD37-3B23-9D1B-9640A0DA993D}.DebugGame|Win64.ActiveCfg = Development|Any CPU
		{DFE41C05-FD37-3B23-9D1B-9640A0DA993D}.DebugGame|Win64.Build.0 = Development|Any CPU
		{DFE41C05-FD37-3B23-9D1B-9640A0DA993D}.DebugGame|x64.ActiveCfg = Development|Any CPU
		{DFE41C05-FD37-3B23-9D1B-9640A0DA993D}.Development Editor|Win64.ActiveCfg = Development|Any CPU
		{DFE41C05-FD37-3B23-9D1B-9640A0DA993D}.Development Editor|Win64.Build.0 = Development|Any CPU
		{DFE41C05-FD37-3B23-9D1B-9640A0DA993D}.Development Editor|x64.ActiveCfg = Development|Any CPU
		{DFE41C05-FD37-3B23-9D1B-9640A0DA993D}.Development|Win64.ActiveCfg = Development|Any CPU
		{DFE41C05-FD37-3B23-9D1B-9640A0DA993D}.Development|Win64.Build.0 = Development|Any CPU
		{DFE41C05-FD37-3B23-9D1B-9640A0DA993D}.Development|x64.ActiveCfg = Development|Any CPU
		{DFE41C05-FD37-3B23-9D1B-9640A0DA993D}.Release|Win64.ActiveCfg = Development|Any CPU
		{DFE41C05-FD37-3B23-9D1B-9640A0DA993D}.Release|x64.ActiveCfg = Development|Any CPU
		{DFE41C05-FD37-3B23-9D1B-9640A0DA993D}.Shipping|Win64.ActiveCfg = Development|Any CPU
		{DFE41C05-FD37-3B23-9D1B-9640A0DA993D}.Shipping|Win64.Build.0 = Development|Any CPU
		{DFE41C05-FD37-3B23-9D1B-9640A0DA993D}.Shipping|x64.ActiveCfg = Development|Any CPU
		{C9F82042-15FE-30C7-8A2F-906F384F65FA}.DebugGame Editor|Win64.ActiveCfg = Development|Any CPU
		{C9F82042-15FE-30C7-8A2F-906F384F65FA}.DebugGame Editor|Win64.Build.0 = Development|Any CPU
		{C9F82042-15FE-30C7-8A2F-906F384F65FA}.DebugGame Editor|x64.ActiveCfg = Development|Any CPU
		{C9F82042-15FE-30C7-8A2F-906F384F65FA}.DebugGame|Win64.ActiveCfg = Development|Any CPU
		{C9F82042-15FE-30C7-8A2F-906F384F65FA}.DebugGame|Win64.Build.0 = Development|Any CPU
		{C9F82042-15FE-30C7-8A2F-906F384F65FA}.DebugGame|x64.ActiveCfg = Development|Any CPU
		{C9F82042-15FE-30C7-8A2F-906F384F65FA}.Development Editor|Win64.ActiveCfg = Development|Any CPU
		{C9F82042-15FE-30C7-8A2F-906F384F65FA}.Development Editor|Win64.Build.0 = Development|Any CPU
		{C9F82042-15FE-30C7-8A2F-906F384F65FA}.Development Editor|x64.ActiveCfg = Development|Any CPU
		{C9F82042-15FE-30C7-8A2F-906F384F65FA}.Development|Win64.ActiveCfg = Development|Any CPU
		{C9F82042-15FE-30C7-8A2F-906F384F65FA}.Development|Win64.Build.0 = Development|Any CPU
		{C9F82042-15FE-30C7-8A2F-906F384F65FA}.Development|x64.ActiveCfg = Development|Any CPU
		{C9F82042-15FE-30C7-8A2F-906F384F65FA}.Release|Win64.ActiveCfg = Development|Any CPU
		{C9F82042-15FE-30C7-8A2F-906F384F65FA}.Release|x64.ActiveCfg = Development|Any CPU
		{C9F82042-15FE-30C7-8A2F-906F384F65FA}.Shipping|Win64.ActiveCfg = Development|Any CPU
		{C9F82042-15FE-30C7-8A2F-906F384F65FA}.Shipping|Win64.Build.0 = Development|Any CPU
		{C9F82042-15FE-30C7-8A2F-906F384F65FA}.Shipping|x64.ActiveCfg = Development|Any CPU
		{974B1A43-8BDD-3C59-808D-10B981E8EE5D}.DebugGame Editor|Win64.ActiveCfg = Development|Any CPU
		{974B1A43-8BDD-3C59-808D-10B981E8EE5D}.DebugGame Editor|Win64.Build.0 = Development|Any CPU
		{974B1A43-8BDD-3C59-808D-10B981E8EE5D}.DebugGame Editor|x64.ActiveCfg = Development|Any CPU
		{974B1A43-8BDD-3C59-808D-10B981E8EE5D}.DebugGame|Win64.ActiveCfg = Development|Any CPU
		{974B1A43-8BDD-3C59-808D-10B981E8EE5D}.DebugGame|Win64.Build.0 = Development|Any CPU
		{974B1A43-8BDD-3C59-808D-10B981E8EE5D}.DebugGame|x64.ActiveCfg = Development|Any CPU
		{974B1A43-8BDD-3C59-808D-10B981E8EE5D}.Development Editor|Win64.ActiveCfg = Development|Any CPU
		{974B1A43-8BDD-3C59-808D-10B981E8EE5D}.Development Editor|Win64.Build.0 = Development|Any CPU
		{974B1A43-8BDD-3C59-808D-10B981E8EE5D}.Development Editor|x64.ActiveCfg = Development|Any CPU
		{974B1A43-8BDD-3C59-808D-10B981E8EE5D}.Development|Win64.ActiveCfg = Development|Any CPU
		{974B1A43-8BDD-3C59-808D-10B981E8EE5D}.Development|Win64.Build.0 = Development|Any CPU
		{974B1A43-8BDD-3C59-808D-10B981E8EE5D}.Development|x64.ActiveCfg = Development|Any CPU
		{974B1A43-8BDD-3C59-808D-10B981E8EE5D}.Release|Win64.ActiveCfg = Development|Any CPU
		{974B1A43-8BDD-3C59-808D-10B981E8EE5D}.Release|x64.ActiveCfg = Development|Any CPU
		{974B1A43-8BDD-3C59-808D-10B981E8EE5D}.Shipping|Win64.ActiveCfg = Development|Any CPU
		{974B1A43-8BDD-3C59-808D-10B981E8EE5D}.Shipping|Win64.Build.0 = Development|Any CPU
		{974B1A43-8BDD-3C59-808D-10B981E8EE5D}.Shipping|x64.ActiveCfg = Development|Any CPU
		{FDB201CC-DC62-3409-B715-997F6A2FF82C}.DebugGame Editor|Win64.ActiveCfg = Development|Any CPU
		{FDB201CC-DC62-3409-B715-997F6A2FF82C}.DebugGame Editor|Win64.Build.0 = Development|Any CPU
		{FDB201CC-DC62-3409-B715-997F6A2FF82C}.DebugGame Editor|x64.ActiveCfg = Development|Any CPU
		{FDB201CC-DC62-3409-B715-997F6A2FF82C}.DebugGame|Win64.ActiveCfg = Development|Any CPU
		{FDB201CC-DC62-3409-B715-997F6A2FF82C}.DebugGame|Win64.Build.0 = Development|Any CPU
		{FDB201CC-DC62-3409-B715-997F6A2FF82C}.DebugGame|x64.ActiveCfg = Development|Any CPU
		{FDB201CC-DC62-3409-B715-997F6A2FF82C}.Development Editor|Win64.ActiveCfg = Development|Any CPU
		{FDB201CC-DC62-3409-B715-997F6A2FF82C}.Development Editor|Win64.Build.0 = Development|Any CPU
		{FDB201CC-DC62-3409-B715-997F6A2FF82C}.Development Editor|x64.ActiveCfg = Development|Any CPU
		{FDB201CC-DC62-3409-B715-997F6A2FF82C}.Development|Win64.ActiveCfg = Development|Any CPU
		{FDB201CC-DC62-3409-B715-997F6A2FF82C}.Development|Win64.Build.0 = Development|Any CPU
		{FDB201CC-DC62-3409-B715-997F6A2FF82C}.Development|x64.ActiveCfg = Development|Any CPU
		{FDB201CC-DC62-3409-B715-997F6A2FF82C}.Release|Win64.ActiveCfg = Development|Any CPU
		{FDB201CC-DC62-3409-B715-997F6A2FF82C}.Release|x64.ActiveCfg = Development|Any CPU
		{FDB201CC-DC62-3409-B715-997F6A2FF82C}.Shipping|Win64.ActiveCfg = Development|Any CPU
		{FDB201CC-DC62-3409-B715-997F6A2FF82C}.Shipping|Win64.Build.0 = Development|Any CPU
		{FDB201CC-DC62-3409-B715-997F6A2FF82C}.Shipping|x64.ActiveCfg = Development|Any CPU
		{A3FDA3C9-DBA2-3428-8FCF-01601F6D7AE3}.DebugGame Editor|Win64.ActiveCfg = Development|Any CPU
		{A3FDA3C9-DBA2-3428-8FCF-01601F6D7AE3}.DebugGame Editor|Win64.Build.0 = Development|Any CPU
		{A3FDA3C9-DBA2-3428-8FCF-01601F6D7AE3}.DebugGame Editor|x64.ActiveCfg = Development|Any CPU
		{A3FDA3C9-DBA2-3428-8FCF-01601F6D7AE3}.DebugGame|Win64.ActiveCfg = Development|Any CPU
		{A3FDA3C9-DBA2-3428-8FCF-01601F6D7AE3}.DebugGame|Win64.Build.0 = Development|Any CPU
		{A3FDA3C9-DBA2-3428-8FCF-01601F6D7AE3}.DebugGame|x64.ActiveCfg = Development|Any CPU
		{A3FDA3C9-DBA2-3428-8FCF-01601F6D7AE3}.Development Editor|Win64.ActiveCfg = Development|Any CPU
		{A3FDA3C9-DBA2-3428-8FCF-01601F6D7AE3}.Development Editor|Win64.Build.0 = Development|Any CPU
		{A3FDA3C9-DBA2-3428-8FCF-01601F6D7AE3}.Development Editor|x64.ActiveCfg = Development|Any CPU
		{A3FDA3C9-DBA2-3428-8FCF-01601F6D7AE3}.Development|Win64.ActiveCfg = Development|Any CPU
		{A3FDA3C9-DBA2-3428-8FCF-01601F6D7AE3}.Development|Win64.Build.0 = Development|Any CPU
		{A3FDA3C9-DBA2-3428-8FCF-01601F6D7AE3}.Development|x64.ActiveCfg = Development|Any CPU
		{A3FDA3C9-DBA2-3428-8FCF-01601F6D7AE3}.Release|Win64.ActiveCfg = Development|Any CPU
		{A3FDA3C9-DBA2-3428-8FCF-01601F6D7AE3}.Release|x64.ActiveCfg = Development|Any CPU
		{A3FDA3C9-DBA2-3428-8FCF-01601F6D7AE3}.Shipping|Win64.ActiveCfg = Development|Any CPU
		{A3FDA3C9-DBA2-3428-8FCF-01601F6D7AE3}.Shipping|Win64.Build.0 = Development|Any CPU
		{A3FDA3C9-DBA2-3428-8FCF-01601F6D7AE3}.Shipping|x64.ActiveCfg = Development|Any CPU
		{B6E7F213-3F66-3C3F-AF7D-0074E1402DB4}.DebugGame Editor|Win64.ActiveCfg = Development|Any CPU
		{B6E7F213-3F66-3C3F-AF7D-0074E1402DB4}.DebugGame Editor|Win64.Build.0 = Development|Any CPU
		{B6E7F213-3F66-3C3F-AF7D-0074E1402DB4}.DebugGame Editor|x64.ActiveCfg = Development|Any CPU
		{B6E7F213-3F66-3C3F-AF7D-0074E1402DB4}.DebugGame|Win64.ActiveCfg = Development|Any CPU
		{B6E7F213-3F66-3C3F-AF7D-0074E1402DB4}.DebugGame|Win64.Build.0 = Development|Any CPU
		{B6E7F213-3F66-3C3F-AF7D-0074E1402DB4}.DebugGame|x64.ActiveCfg = Development|Any CPU
		{B6E7F213-3F66-3C3F-AF7D-0074E1402DB4}.Development Editor|Win64.ActiveCfg = Development|Any CPU
		{B6E7F213-3F66-3C3F-AF7D-0074E1402DB4}.Development Editor|Win64.Build.0 = Development|Any CPU
		{B6E7F213-3F66-3C3F-AF7D-0074E1402DB4}.Development Editor|x64.ActiveCfg = Development|Any CPU
		{B6E7F213-3F66-3C3F-AF7D-0074E1402DB4}.Development|Win64.ActiveCfg = Development|Any CPU
		{B6E7F213-3F66-3C3F-AF7D-0074E1402DB4}.Development|Win64.Build.0 = Development|Any CPU
		{B6E7F213-3F66-3C3F-AF7D-0074E1402DB4}.Development|x64.ActiveCfg = Development|Any CPU
		{B6E7F213-3F66-3C3F-AF7D-0074E1402DB4}.Release|Win64.ActiveCfg = Development|Any CPU
		{B6E7F213-3F66-3C3F-AF7D-0074E1402DB4}.Release|x64.ActiveCfg = Development|Any CPU
		{B6E7F213-3F66-3C3F-AF7D-0074E1402DB4}.Shipping|Win64.ActiveCfg = Development|Any CPU
		{B6E7F213-3F66-3C3F-AF7D-0074E1402DB4}.Shipping|Win64.Build.0 = Development|Any CPU
		{B6E7F213-3F66-3C3F-AF7D-0074E1402DB4}.Shipping|x64.ActiveCfg = Development|Any CPU
		{4E478B73-A834-3996-BDC5-5CF1E95D72E1}.DebugGame Editor|Win64.ActiveCfg = Development|Any CPU
		{4E478B73-A834-3996-BDC5-5CF1E95D72E1}.DebugGame Editor|Win64.Build.0 = Development|Any CPU
		{4E478B73-A834-3996-BDC5-5CF1E95D72E1}.DebugGame Editor|x64.ActiveCfg = Development|Any CPU
		{4E478B73-A834-3996-BDC5-5CF1E95D72E1}.DebugGame|Win64.ActiveCfg = Development|Any CPU
		{4E478B73-A834-3996-BDC5-5CF1E95D72E1}.DebugGame|Win64.Build.0 = Development|Any CPU
		{4E478B73-A834-3996-BDC5-5CF1E95D72E1}.DebugGame|x64.ActiveCfg = Development|Any CPU
		{4E478B73-A834-3996-BDC5-5CF1E95D72E1}.Development Editor|Win64.ActiveCfg = Development|Any CPU
		{4E478B73-A834-3996-BDC5-5CF1E95D72E1}.Development Editor|Win64.Build.0 = Development|Any CPU
		{4E478B73-A834-3996-BDC5-5CF1E95D72E1}.Development Editor|x64.ActiveCfg = Development|Any CPU
		{4E478B73-A834-3996-BDC5-5CF1E95D72E1}.Development|Win64.ActiveCfg = Development|Any CPU
		{4E478B73-A834-3996-BDC5-5CF1E95D72E1}.Development|Win64.Build.0 = Development|Any CPU
		{4E478B73-A834-3996-BDC5-5CF1E95D72E1}.Development|x64.ActiveCfg = Development|Any CPU
		{4E478B73-A834-3996-BDC5-5CF1E95D72E1}.Release|Win64.ActiveCfg = Development|Any CPU
		{4E478B73-A834-3996-BDC5-5CF1E95D72E1}.Release|x64.ActiveCfg = Development|Any CPU
		{4E478B73-A834-3996-BDC5-5CF1E95D72E1}.Shipping|Win64.ActiveCfg = Development|Any CPU
		{4E478B73-A834-3996-BDC5-5CF1E95D72E1}.Shipping|Win64.Build.0 = Development|Any CPU
		{4E478B73-A834-3996-BDC5-5CF1E95D72E1}.Shipping|x64.ActiveCfg = Development|Any CPU
		{50CFF54E-7EE9-35BD-AF8A-BEE97018AF3E}.DebugGame Editor|Win64.ActiveCfg = Development|Any CPU
		{50CFF54E-7EE9-35BD-AF8A-BEE97018AF3E}.DebugGame Editor|Win64.Build.0 = Development|Any CPU
		{50CFF54E-7EE9-35BD-AF8A-BEE97018AF3E}.DebugGame Editor|x64.ActiveCfg = Development|Any CPU
		{50CFF54E-7EE9-35BD-AF8A-BEE97018AF3E}.DebugGame|Win64.ActiveCfg = Development|Any CPU
		{50CFF54E-7EE9-35BD-AF8A-BEE97018AF3E}.DebugGame|Win64.Build.0 = Development|Any CPU
		{50CFF54E-7EE9-35BD-AF8A-BEE97018AF3E}.DebugGame|x64.ActiveCfg = Development|Any CPU
		{50CFF54E-7EE9-35BD-AF8A-BEE97018AF3E}.Development Editor|Win64.ActiveCfg = Development|Any CPU
		{50CFF54E-7EE9-35BD-AF8A-BEE97018AF3E}.Development Editor|Win64.Build.0 = Development|Any CPU
		{50CFF54E-7EE9-35BD-AF8A-BEE97018AF3E}.Development Editor|x64.ActiveCfg = Development|Any CPU
		{50CFF54E-7EE9-35BD-AF8A-BEE97018AF3E}.Development|Win64.ActiveCfg = Development|Any CPU
		{50CFF54E-7EE9-35BD-AF8A-BEE97018AF3E}.Development|Win64.Build.0 = Development|Any CPU
		{50CFF54E-7EE9-35BD-AF8A-BEE97018AF3E}.Development|x64.ActiveCfg = Development|Any CPU
		{50CFF54E-7EE9-35BD-AF8A-BEE97018AF3E}.Release|Win64.ActiveCfg = Development|Any CPU
		{50CFF54E-7EE9-35BD-AF8A-BEE97018AF3E}.Release|x64.ActiveCfg = Development|Any CPU
		{50CFF54E-7EE9-35BD-AF8A-BEE97018AF3E}.Shipping|Win64.ActiveCfg = Development|Any CPU
		{50CFF54E-7EE9-35BD-AF8A-BEE97018AF3E}.Shipping|Win64.Build.0 = Development|Any CPU
		{50CFF54E-7EE9-35BD-AF8A-BEE97018AF3E}.Shipping|x64.ActiveCfg = Development|Any CPU
		{EA59991B-1CF0-37B9-9849-C9BCB7CE246E}.DebugGame Editor|Win64.ActiveCfg = Development|Any CPU
		{EA59991B-1CF0-37B9-9849-C9BCB7CE246E}.DebugGame Editor|Win64.Build.0 = Development|Any CPU
		{EA59991B-1CF0-37B9-9849-C9BCB7CE246E}.DebugGame Editor|x64.ActiveCfg = Development|Any CPU
		{EA59991B-1CF0-37B9-9849-C9BCB7CE246E}.DebugGame|Win64.ActiveCfg = Development|Any CPU
		{EA59991B-1CF0-37B9-9849-C9BCB7CE246E}.DebugGame|Win64.Build.0 = Development|Any CPU
		{EA59991B-1CF0-37B9-9849-C9BCB7CE246E}.DebugGame|x64.ActiveCfg = Development|Any CPU
		{EA59991B-1CF0-37B9-9849-C9BCB7CE246E}.Development Editor|Win64.ActiveCfg = Development|Any CPU
		{EA59991B-1CF0-37B9-9849-C9BCB7CE246E}.Development Editor|Win64.Build.0 = Development|Any CPU
		{EA59991B-1CF0-37B9-9849-C9BCB7CE246E}.Development Editor|x64.ActiveCfg = Development|Any CPU
		{EA59991B-1CF0-37B9-9849-C9BCB7CE246E}.Development|Win64.ActiveCfg = Development|Any CPU
		{EA59991B-1CF0-37B9-9849-C9BCB7CE246E}.Development|Win64.Build.0 = Development|Any CPU
		{EA59991B-1CF0-37B9-9849-C9BCB7CE246E}.Development|x64.ActiveCfg = Development|Any CPU
		{EA59991B-1CF0-37B9-9849-C9BCB7CE246E}.Release|Win64.ActiveCfg = Development|Any CPU
		{EA59991B-1CF0-37B9-9849-C9BCB7CE246E}.Release|x64.ActiveCfg = Development|Any CPU
		{EA59991B-1CF0-37B9-9849-C9BCB7CE246E}.Shipping|Win64.ActiveCfg = Development|Any CPU
		{EA59991B-1CF0-37B9-9849-C9BCB7CE246E}.Shipping|Win64.Build.0 = Development|Any CPU
		{EA59991B-1CF0-37B9-9849-C9BCB7CE246E}.Shipping|x64.ActiveCfg = Development|Any CPU
		{1FC238BE-4EA2-393D-9E6E-D239C69A8727}.DebugGame Editor|Win64.ActiveCfg = Development|Any CPU
		{1FC238BE-4EA2-393D-9E6E-D239C69A8727}.DebugGame Editor|Win64.Build.0 = Development|Any CPU
		{1FC238BE-4EA2-393D-9E6E-D239C69A8727}.DebugGame Editor|x64.ActiveCfg = Development|Any CPU
		{1FC238BE-4EA2-393D-9E6E-D239C69A8727}.DebugGame|Win64.ActiveCfg = Development|Any CPU
		{1FC238BE-4EA2-393D-9E6E-D239C69A8727}.DebugGame|Win64.Build.0 = Development|Any CPU
		{1FC238BE-4EA2-393D-9E6E-D239C69A8727}.DebugGame|x64.ActiveCfg = Development|Any CPU
		{1FC238BE-4EA2-393D-9E6E-D239C69A8727}.Development Editor|Win64.ActiveCfg = Development|Any CPU
		{1FC238BE-4EA2-393D-9E6E-D239C69A8727}.Development Editor|Win64.Build.0 = Development|Any CPU
		{1FC238BE-4EA2-393D-9E6E-D239C69A8727}.Development Editor|x64.ActiveCfg = Development|Any CPU
		{1FC238BE-4EA2-393D-9E6E-D239C69A8727}.Development|Win64.ActiveCfg = Development|Any CPU
		{1FC238BE-4EA2-393D-9E6E-D239C69A8727}.Development|Win64.Build.0 = Development|Any CPU
		{1FC238BE-4EA2-393D-9E6E-D239C69A8727}.Development|x64.ActiveCfg = Development|Any CPU
		{1FC238BE-4EA2-393D-9E6E-D239C69A8727}.Release|Win64.ActiveCfg = Development|Any CPU
		{1FC238BE-4EA2-393D-9E6E-D239C69A8727}.Release|x64.ActiveCfg = Development|Any CPU
		{1FC238BE-4EA2-393D-9E6E-D239C69A8727}.Shipping|Win64.ActiveCfg = Development|Any CPU
		{1FC238BE-4EA2-393D-9E6E-D239C69A8727}.Shipping|Win64.Build.0 = Development|Any CPU
		{1FC238BE-4EA2-393D-9E6E-D239C69A8727}.Shipping|x64.ActiveCfg = Development|Any CPU
		{E1321918-4BBF-31D3-8AF6-EF58B215430D}.DebugGame Editor|Win64.ActiveCfg = Development|Any CPU
		{E1321918-4BBF-31D3-8AF6-EF58B215430D}.DebugGame Editor|Win64.Build.0 = Development|Any CPU
		{E1321918-4BBF-31D3-8AF6-EF58B215430D}.DebugGame Editor|x64.ActiveCfg = Development|Any CPU
		{E1321918-4BBF-31D3-8AF6-EF58B215430D}.DebugGame|Win64.ActiveCfg = Development|Any CPU
		{E1321918-4BBF-31D3-8AF6-EF58B215430D}.DebugGame|Win64.Build.0 = Development|Any CPU
		{E1321918-4BBF-31D3-8AF6-EF58B215430D}.DebugGame|x64.ActiveCfg = Development|Any CPU
		{E1321918-4BBF-31D3-8AF6-EF58B215430D}.Development Editor|Win64.ActiveCfg = Development|Any CPU
		{E1321918-4BBF-31D3-8AF6-EF58B215430D}.Development Editor|Win64.Build.0 = Development|Any CPU
		{E1321918-4BBF-31D3-8AF6-EF58B215430D}.Development Editor|x64.ActiveCfg = Development|Any CPU
		{E1321918-4BBF-31D3-8AF6-EF58B215430D}.Development|Win64.ActiveCfg = Development|Any CPU
		{E1321918-4BBF-31D3-8AF6-EF58B215430D}.Development|Win64.Build.0 = Development|Any CPU
		{E1321918-4BBF-31D3-8AF6-EF58B215430D}.Development|x64.ActiveCfg = Development|Any CPU
		{E1321918-4BBF-31D3-8AF6-EF58B215430D}.Release|Win64.ActiveCfg = Development|Any CPU
		{E1321918-4BBF-31D3-8AF6-EF58B215430D}.Release|x64.ActiveCfg = Development|Any CPU
		{E1321918-4BBF-31D3-8AF6-EF58B215430D}.Shipping|Win64.ActiveCfg = Development|Any CPU
		{E1321918-4BBF-31D3-8AF6-EF58B215430D}.Shipping|Win64.Build.0 = Development|Any CPU
		{E1321918-4BBF-31D3-8AF6-EF58B215430D}.Shipping|x64.ActiveCfg = Development|Any CPU
		{44DC7CA3-4463-3BF1-990C-06673808C80B}.DebugGame Editor|Win64.ActiveCfg = Development|Any CPU
		{44DC7CA3-4463-3BF1-990C-06673808C80B}.DebugGame Editor|Win64.Build.0 = Development|Any CPU
		{44DC7CA3-4463-3BF1-990C-06673808C80B}.DebugGame Editor|x64.ActiveCfg = Development|Any CPU
		{44DC7CA3-4463-3BF1-990C-06673808C80B}.DebugGame|Win64.ActiveCfg = Development|Any CPU
		{44DC7CA3-4463-3BF1-990C-06673808C80B}.DebugGame|Win64.Build.0 = Development|Any CPU
		{44DC7CA3-4463-3BF1-990C-06673808C80B}.DebugGame|x64.ActiveCfg = Development|Any CPU
		{44DC7CA3-4463-3BF1-990C-06673808C80B}.Development Editor|Win64.ActiveCfg = Development|Any CPU
		{44DC7CA3-4463-3BF1-990C-06673808C80B}.Development Editor|Win64.Build.0 = Development|Any CPU
		{44DC7CA3-4463-3BF1-990C-06673808C80B}.Development Editor|x64.ActiveCfg = Development|Any CPU
		{44DC7CA3-4463-3BF1-990C-06673808C80B}.Development|Win64.ActiveCfg = Development|Any CPU
		{44DC7CA3-4463-3BF1-990C-06673808C80B}.Development|Win64.Build.0 = Development|Any CPU
		{44DC7CA3-4463-3BF1-990C-06673808C80B}.Development|x64.ActiveCfg = Development|Any CPU
		{44DC7CA3-4463-3BF1-990C-06673808C80B}.Release|Win64.ActiveCfg = Development|Any CPU
		{44DC7CA3-4463-3BF1-990C-06673808C80B}.Release|x64.ActiveCfg = Development|Any CPU
		{44DC7CA3-4463-3BF1-990C-06673808C80B}.Shipping|Win64.ActiveCfg = Development|Any CPU
		{44DC7CA3-4463-3BF1-990C-06673808C80B}.Shipping|Win64.Build.0 = Development|Any CPU
		{44DC7CA3-4463-3BF1-990C-06673808C80B}.Shipping|x64.ActiveCfg = Development|Any CPU
		{F3863862-003F-3A24-BF6C-C21F1361DA16}.DebugGame Editor|Win64.ActiveCfg = Development|Any CPU
		{F3863862-003F-3A24-BF6C-C21F1361DA16}.DebugGame Editor|Win64.Build.0 = Development|Any CPU
		{F3863862-003F-3A24-BF6C-C21F1361DA16}.DebugGame Editor|x64.ActiveCfg = Development|Any CPU
		{F3863862-003F-3A24-BF6C-C21F1361DA16}.DebugGame|Win64.ActiveCfg = Development|Any CPU
		{F3863862-003F-3A24-BF6C-C21F1361DA16}.DebugGame|Win64.Build.0 = Development|Any CPU
		{F3863862-003F-3A24-BF6C-C21F1361DA16}.DebugGame|x64.ActiveCfg = Development|Any CPU
		{F3863862-003F-3A24-BF6C-C21F1361DA16}.Development Editor|Win64.ActiveCfg = Development|Any CPU
		{F3863862-003F-3A24-BF6C-C21F1361DA16}.Development Editor|Win64.Build.0 = Development|Any CPU
		{F3863862-003F-3A24-BF6C-C21F1361DA16}.Development Editor|x64.ActiveCfg = Development|Any CPU
		{F3863862-003F-3A24-BF6C-C21F1361DA16}.Development|Win64.ActiveCfg = Development|Any CPU
		{F3863862-003F-3A24-BF6C-C21F1361DA16}.Development|Win64.Build.0 = Development|Any CPU
		{F3863862-003F-3A24-BF6C-C21F1361DA16}.Development|x64.ActiveCfg = Development|Any CPU
		{F3863862-003F-3A24-BF6C-C21F1361DA16}.Release|Win64.ActiveCfg = Development|Any CPU
		{F3863862-003F-3A24-BF6C-C21F1361DA16}.Release|x64.ActiveCfg = Development|Any CPU
		{F3863862-003F-3A24-BF6C-C21F1361DA16}.Shipping|Win64.ActiveCfg = Development|Any CPU
		{F3863862-003F-3A24-BF6C-C21F1361DA16}.Shipping|Win64.Build.0 = Development|Any CPU
		{F3863862-003F-3A24-BF6C-C21F1361DA16}.Shipping|x64.ActiveCfg = Development|Any CPU
		{1F1A927E-EDAF-313D-B7EC-8CFFB9E5B84A}.DebugGame Editor|Win64.ActiveCfg = Development|Any CPU
		{1F1A927E-EDAF-313D-B7EC-8CFFB9E5B84A}.DebugGame Editor|Win64.Build.0 = Development|Any CPU
		{1F1A927E-EDAF-313D-B7EC-8CFFB9E5B84A}.DebugGame Editor|x64.ActiveCfg = Development|Any CPU
		{1F1A927E-EDAF-313D-B7EC-8CFFB9E5B84A}.DebugGame|Win64.ActiveCfg = Development|Any CPU
		{1F1A927E-EDAF-313D-B7EC-8CFFB9E5B84A}.DebugGame|Win64.Build.0 = Development|Any CPU
		{1F1A927E-EDAF-313D-B7EC-8CFFB9E5B84A}.DebugGame|x64.ActiveCfg = Development|Any CPU
		{1F1A927E-EDAF-313D-B7EC-8CFFB9E5B84A}.Development Editor|Win64.ActiveCfg = Development|Any CPU
		{1F1A927E-EDAF-313D-B7EC-8CFFB9E5B84A}.Development Editor|Win64.Build.0 = Development|Any CPU
		{1F1A927E-EDAF-313D-B7EC-8CFFB9E5B84A}.Development Editor|x64.ActiveCfg = Development|Any CPU
		{1F1A927E-EDAF-313D-B7EC-8CFFB9E5B84A}.Development|Win64.ActiveCfg = Development|Any CPU
		{1F1A927E-EDAF-313D-B7EC-8CFFB9E5B84A}.Development|Win64.Build.0 = Development|Any CPU
		{1F1A927E-EDAF-313D-B7EC-8CFFB9E5B84A}.Development|x64.ActiveCfg = Development|Any CPU
		{1F1A927E-EDAF-313D-B7EC-8CFFB9E5B84A}.Release|Win64.ActiveCfg = Development|Any CPU
		{1F1A927E-EDAF-313D-B7EC-8CFFB9E5B84A}.Release|x64.ActiveCfg = Development|Any CPU
		{1F1A927E-EDAF-313D-B7EC-8CFFB9E5B84A}.Shipping|Win64.ActiveCfg = Development|Any CPU
		{1F1A927E-EDAF-313D-B7EC-8CFFB9E5B84A}.Shipping|Win64.Build.0 = Development|Any CPU
		{1F1A927E-EDAF-313D-B7EC-8CFFB9E5B84A}.Shipping|x64.ActiveCfg = Development|Any CPU
		{FE755D88-BD6A-3336-81A3-AE0AF62E276C}.DebugGame Editor|Win64.ActiveCfg = Development|Any CPU
		{FE755D88-BD6A-3336-81A3-AE0AF62E276C}.DebugGame Editor|Win64.Build.0 = Development|Any CPU
		{FE755D88-BD6A-3336-81A3-AE0AF62E276C}.DebugGame Editor|x64.ActiveCfg = Development|Any CPU
		{FE755D88-BD6A-3336-81A3-AE0AF62E276C}.DebugGame|Win64.ActiveCfg = Development|Any CPU
		{FE755D88-BD6A-3336-81A3-AE0AF62E276C}.DebugGame|Win64.Build.0 = Development|Any CPU
		{FE755D88-BD6A-3336-81A3-AE0AF62E276C}.DebugGame|x64.ActiveCfg = Development|Any CPU
		{FE755D88-BD6A-3336-81A3-AE0AF62E276C}.Development Editor|Win64.ActiveCfg = Development|Any CPU
		{FE755D88-BD6A-3336-81A3-AE0AF62E276C}.Development Editor|Win64.Build.0 = Development|Any CPU
		{FE755D88-BD6A-3336-81A3-AE0AF62E276C}.Development Editor|x64.ActiveCfg = Development|Any CPU
		{FE755D88-BD6A-3336-81A3-AE0AF62E276C}.Development|Win64.ActiveCfg = Development|Any CPU
		{FE755D88-BD6A-3336-81A3-AE0AF62E276C}.Development|Win64.Build.0 = Development|Any CPU
		{FE755D88-BD6A-3336-81A3-AE0AF62E276C}.Development|x64.ActiveCfg = Development|Any CPU
		{FE755D88-BD6A-3336-81A3-AE0AF62E276C}.Release|Win64.ActiveCfg = Development|Any CPU
		{FE755D88-BD6A-3336-81A3-AE0AF62E276C}.Release|x64.ActiveCfg = Development|Any CPU
		{FE755D88-BD6A-3336-81A3-AE0AF62E276C}.Shipping|Win64.ActiveCfg = Development|Any CPU
		{FE755D88-BD6A-3336-81A3-AE0AF62E276C}.Shipping|Win64.Build.0 = Development|Any CPU
		{FE755D88-BD6A-3336-81A3-AE0AF62E276C}.Shipping|x64.ActiveCfg = Development|Any CPU
		{033F1BEE-33C3-3DE7-B19D-B7B044AFA9D0}.DebugGame Editor|Win64.ActiveCfg = Development|Any CPU
		{033F1BEE-33C3-3DE7-B19D-B7B044AFA9D0}.DebugGame Editor|Win64.Build.0 = Development|Any CPU
		{033F1BEE-33C3-3DE7-B19D-B7B044AFA9D0}.DebugGame Editor|x64.ActiveCfg = Development|Any CPU
		{033F1BEE-33C3-3DE7-B19D-B7B044AFA9D0}.DebugGame|Win64.ActiveCfg = Development|Any CPU
		{033F1BEE-33C3-3DE7-B19D-B7B044AFA9D0}.DebugGame|Win64.Build.0 = Development|Any CPU
		{033F1BEE-33C3-3DE7-B19D-B7B044AFA9D0}.DebugGame|x64.ActiveCfg = Development|Any CPU
		{033F1BEE-33C3-3DE7-B19D-B7B044AFA9D0}.Development Editor|Win64.ActiveCfg = Development|Any CPU
		{033F1BEE-33C3-3DE7-B19D-B7B044AFA9D0}.Development Editor|Win64.Build.0 = Development|Any CPU
		{033F1BEE-33C3-3DE7-B19D-B7B044AFA9D0}.Development Editor|x64.ActiveCfg = Development|Any CPU
		{033F1BEE-33C3-3DE7-B19D-B7B044AFA9D0}.Development|Win64.ActiveCfg = Development|Any CPU
		{033F1BEE-33C3-3DE7-B19D-B7B044AFA9D0}.Development|Win64.Build.0 = Development|Any CPU
		{033F1BEE-33C3-3DE7-B19D-B7B044AFA9D0}.Development|x64.ActiveCfg = Development|Any CPU
		{033F1BEE-33C3-3DE7-B19D-B7B044AFA9D0}.Release|Win64.ActiveCfg = Development|Any CPU
		{033F1BEE-33C3-3DE7-B19D-B7B044AFA9D0}.Release|x64.ActiveCfg = Development|Any CPU
		{033F1BEE-33C3-3DE7-B19D-B7B044AFA9D0}.Shipping|Win64.ActiveCfg = Development|Any CPU
		{033F1BEE-33C3-3DE7-B19D-B7B044AFA9D0}.Shipping|Win64.Build.0 = Development|Any CPU
		{033F1BEE-33C3-3DE7-B19D-B7B044AFA9D0}.Shipping|x64.ActiveCfg = Development|Any CPU
		{6313DEF9-6C30-3BEF-AEB6-852AE6979775}.DebugGame Editor|Win64.ActiveCfg = Development|Any CPU
		{6313DEF9-6C30-3BEF-AEB6-852AE6979775}.DebugGame Editor|Win64.Build.0 = Development|Any CPU
		{6313DEF9-6C30-3BEF-AEB6-852AE6979775}.DebugGame Editor|x64.ActiveCfg = Development|Any CPU
		{6313DEF9-6C30-3BEF-AEB6-852AE6979775}.DebugGame|Win64.ActiveCfg = Development|Any CPU
		{6313DEF9-6C30-3BEF-AEB6-852AE6979775}.DebugGame|Win64.Build.0 = Development|Any CPU
		{6313DEF9-6C30-3BEF-AEB6-852AE6979775}.DebugGame|x64.ActiveCfg = Development|Any CPU
		{6313DEF9-6C30-3BEF-AEB6-852AE6979775}.Development Editor|Win64.ActiveCfg = Development|Any CPU
		{6313DEF9-6C30-3BEF-AEB6-852AE6979775}.Development Editor|Win64.Build.0 = Development|Any CPU
		{6313DEF9-6C30-3BEF-AEB6-852AE6979775}.Development Editor|x64.ActiveCfg = Development|Any CPU
		{6313DEF9-6C30-3BEF-AEB6-852AE6979775}.Development|Win64.ActiveCfg = Development|Any CPU
		{6313DEF9-6C30-3BEF-AEB6-852AE6979775}.Development|Win64.Build.0 = Development|Any CPU
		{6313DEF9-6C30-3BEF-AEB6-852AE6979775}.Development|x64.ActiveCfg = Development|Any CPU
		{6313DEF9-6C30-3BEF-AEB6-852AE6979775}.Release|Win64.ActiveCfg = Development|Any CPU
		{6313DEF9-6C30-3BEF-AEB6-852AE6979775}.Release|x64.ActiveCfg = Development|Any CPU
		{6313DEF9-6C30-3BEF-AEB6-852AE6979775}.Shipping|Win64.ActiveCfg = Development|Any CPU
		{6313DEF9-6C30-3BEF-AEB6-852AE6979775}.Shipping|Win64.Build.0 = Development|Any CPU
		{6313DEF9-6C30-3BEF-AEB6-852AE6979775}.Shipping|x64.ActiveCfg = Development|Any CPU
		{F3D0848F-B64D-3053-BF67-4C8F5EF6D0E8}.DebugGame Editor|Win64.ActiveCfg = Development|Any CPU
		{F3D0848F-B64D-3053-BF67-4C8F5EF6D0E8}.DebugGame Editor|Win64.Build.0 = Development|Any CPU
		{F3D0848F-B64D-3053-BF67-4C8F5EF6D0E8}.DebugGame Editor|x64.ActiveCfg = Development|Any CPU
		{F3D0848F-B64D-3053-BF67-4C8F5EF6D0E8}.DebugGame|Win64.ActiveCfg = Development|Any CPU
		{F3D0848F-B64D-3053-BF67-4C8F5EF6D0E8}.DebugGame|Win64.Build.0 = Development|Any CPU
		{F3D0848F-B64D-3053-BF67-4C8F5EF6D0E8}.DebugGame|x64.ActiveCfg = Development|Any CPU
		{F3D0848F-B64D-3053-BF67-4C8F5EF6D0E8}.Development Editor|Win64.ActiveCfg = Development|Any CPU
		{F3D0848F-B64D-3053-BF67-4C8F5EF6D0E8}.Development Editor|Win64.Build.0 = Development|Any CPU
		{F3D0848F-B64D-3053-BF67-4C8F5EF6D0E8}.Development Editor|x64.ActiveCfg = Development|Any CPU
		{F3D0848F-B64D-3053-BF67-4C8F5EF6D0E8}.Development|Win64.ActiveCfg = Development|Any CPU
		{F3D0848F-B64D-3053-BF67-4C8F5EF6D0E8}.Development|Win64.Build.0 = Development|Any CPU
		{F3D0848F-B64D-3053-BF67-4C8F5EF6D0E8}.Development|x64.ActiveCfg = Development|Any CPU
		{F3D0848F-B64D-3053-BF67-4C8F5EF6D0E8}.Release|Win64.ActiveCfg = Development|Any CPU
		{F3D0848F-B64D-3053-BF67-4C8F5EF6D0E8}.Release|x64.ActiveCfg = Development|Any CPU
		{F3D0848F-B64D-3053-BF67-4C8F5EF6D0E8}.Shipping|Win64.ActiveCfg = Development|Any CPU
		{F3D0848F-B64D-3053-BF67-4C8F5EF6D0E8}.Shipping|Win64.Build.0 = Development|Any CPU
		{F3D0848F-B64D-3053-BF67-4C8F5EF6D0E8}.Shipping|x64.ActiveCfg = Development|Any CPU
		{84E4F9CD-34DF-3EEA-94EA-BA12C17450A8}.DebugGame Editor|Win64.ActiveCfg = Development|Any CPU
		{84E4F9CD-34DF-3EEA-94EA-BA12C17450A8}.DebugGame Editor|Win64.Build.0 = Development|Any CPU
		{84E4F9CD-34DF-3EEA-94EA-BA12C17450A8}.DebugGame Editor|x64.ActiveCfg = Development|Any CPU
		{84E4F9CD-34DF-3EEA-94EA-BA12C17450A8}.DebugGame|Win64.ActiveCfg = Development|Any CPU
		{84E4F9CD-34DF-3EEA-94EA-BA12C17450A8}.DebugGame|Win64.Build.0 = Development|Any CPU
		{84E4F9CD-34DF-3EEA-94EA-BA12C17450A8}.DebugGame|x64.ActiveCfg = Development|Any CPU
		{84E4F9CD-34DF-3EEA-94EA-BA12C17450A8}.Development Editor|Win64.ActiveCfg = Development|Any CPU
		{84E4F9CD-34DF-3EEA-94EA-BA12C17450A8}.Development Editor|Win64.Build.0 = Development|Any CPU
		{84E4F9CD-34DF-3EEA-94EA-BA12C17450A8}.Development Editor|x64.ActiveCfg = Development|Any CPU
		{84E4F9CD-34DF-3EEA-94EA-BA12C17450A8}.Development|Win64.ActiveCfg = Development|Any CPU
		{84E4F9CD-34DF-3EEA-94EA-BA12C17450A8}.Development|Win64.Build.0 = Development|Any CPU
		{84E4F9CD-34DF-3EEA-94EA-BA12C17450A8}.Development|x64.ActiveCfg = Development|Any CPU
		{84E4F9CD-34DF-3EEA-94EA-BA12C17450A8}.Release|Win64.ActiveCfg = Development|Any CPU
		{84E4F9CD-34DF-3EEA-94EA-BA12C17450A8}.Release|x64.ActiveCfg = Development|Any CPU
		{84E4F9CD-34DF-3EEA-94EA-BA12C17450A8}.Shipping|Win64.ActiveCfg = Development|Any CPU
		{84E4F9CD-34DF-3EEA-94EA-BA12C17450A8}.Shipping|Win64.Build.0 = Development|Any CPU
		{84E4F9CD-34DF-3EEA-94EA-BA12C17450A8}.Shipping|x64.ActiveCfg = Development|Any CPU
		{D6C20C96-3720-3923-BB75-8B184D2A7377}.DebugGame Editor|Win64.ActiveCfg = Development|Any CPU
		{D6C20C96-3720-3923-BB75-8B184D2A7377}.DebugGame Editor|Win64.Build.0 = Development|Any CPU
		{D6C20C96-3720-3923-BB75-8B184D2A7377}.DebugGame Editor|x64.ActiveCfg = Development|Any CPU
		{D6C20C96-3720-3923-BB75-8B184D2A7377}.DebugGame|Win64.ActiveCfg = Development|Any CPU
		{D6C20C96-3720-3923-BB75-8B184D2A7377}.DebugGame|Win64.Build.0 = Development|Any CPU
		{D6C20C96-3720-3923-BB75-8B184D2A7377}.DebugGame|x64.ActiveCfg = Development|Any CPU
		{D6C20C96-3720-3923-BB75-8B184D2A7377}.Development Editor|Win64.ActiveCfg = Development|Any CPU
		{D6C20C96-3720-3923-BB75-8B184D2A7377}.Development Editor|Win64.Build.0 = Development|Any CPU
		{D6C20C96-3720-3923-BB75-8B184D2A7377}.Development Editor|x64.ActiveCfg = Development|Any CPU
		{D6C20C96-3720-3923-BB75-8B184D2A7377}.Development|Win64.ActiveCfg = Development|Any CPU
		{D6C20C96-3720-3923-BB75-8B184D2A7377}.Development|Win64.Build.0 = Development|Any CPU
		{D6C20C96-3720-3923-BB75-8B184D2A7377}.Development|x64.ActiveCfg = Development|Any CPU
		{D6C20C96-3720-3923-BB75-8B184D2A7377}.Release|Win64.ActiveCfg = Development|Any CPU
		{D6C20C96-3720-3923-BB75-8B184D2A7377}.Release|x64.ActiveCfg = Development|Any CPU
		{D6C20C96-3720-3923-BB75-8B184D2A7377}.Shipping|Win64.ActiveCfg = Development|Any CPU
		{D6C20C96-3720-3923-BB75-8B184D2A7377}.Shipping|Win64.Build.0 = Development|Any CPU
		{D6C20C96-3720-3923-BB75-8B184D2A7377}.Shipping|x64.ActiveCfg = Development|Any CPU
		{2D14B7CB-1735-362B-AA55-DEC8112E45A6}.DebugGame Editor|Win64.ActiveCfg = Development|Any CPU
		{2D14B7CB-1735-362B-AA55-DEC8112E45A6}.DebugGame Editor|Win64.Build.0 = Development|Any CPU
		{2D14B7CB-1735-362B-AA55-DEC8112E45A6}.DebugGame Editor|x64.ActiveCfg = Development|Any CPU
		{2D14B7CB-1735-362B-AA55-DEC8112E45A6}.DebugGame|Win64.ActiveCfg = Development|Any CPU
		{2D14B7CB-1735-362B-AA55-DEC8112E45A6}.DebugGame|Win64.Build.0 = Development|Any CPU
		{2D14B7CB-1735-362B-AA55-DEC8112E45A6}.DebugGame|x64.ActiveCfg = Development|Any CPU
		{2D14B7CB-1735-362B-AA55-DEC8112E45A6}.Development Editor|Win64.ActiveCfg = Development|Any CPU
		{2D14B7CB-1735-362B-AA55-DEC8112E45A6}.Development Editor|Win64.Build.0 = Development|Any CPU
		{2D14B7CB-1735-362B-AA55-DEC8112E45A6}.Development Editor|x64.ActiveCfg = Development|Any CPU
		{2D14B7CB-1735-362B-AA55-DEC8112E45A6}.Development|Win64.ActiveCfg = Development|Any CPU
		{2D14B7CB-1735-362B-AA55-DEC8112E45A6}.Development|Win64.Build.0 = Development|Any CPU
		{2D14B7CB-1735-362B-AA55-DEC8112E45A6}.Development|x64.ActiveCfg = Development|Any CPU
		{2D14B7CB-1735-362B-AA55-DEC8112E45A6}.Release|Win64.ActiveCfg = Development|Any CPU
		{2D14B7CB-1735-362B-AA55-DEC8112E45A6}.Release|x64.ActiveCfg = Development|Any CPU
		{2D14B7CB-1735-362B-AA55-DEC8112E45A6}.Shipping|Win64.ActiveCfg = Development|Any CPU
		{2D14B7CB-1735-362B-AA55-DEC8112E45A6}.Shipping|Win64.Build.0 = Development|Any CPU
		{2D14B7CB-1735-362B-AA55-DEC8112E45A6}.Shipping|x64.ActiveCfg = Development|Any CPU
		{33860EFB-7B60-38D0-829A-19424DC2FB44}.DebugGame Editor|Win64.ActiveCfg = Development|Any CPU
		{33860EFB-7B60-38D0-829A-19424DC2FB44}.DebugGame Editor|Win64.Build.0 = Development|Any CPU
		{33860EFB-7B60-38D0-829A-19424DC2FB44}.DebugGame Editor|x64.ActiveCfg = Development|Any CPU
		{33860EFB-7B60-38D0-829A-19424DC2FB44}.DebugGame|Win64.ActiveCfg = Development|Any CPU
		{33860EFB-7B60-38D0-829A-19424DC2FB44}.DebugGame|Win64.Build.0 = Development|Any CPU
		{33860EFB-7B60-38D0-829A-19424DC2FB44}.DebugGame|x64.ActiveCfg = Development|Any CPU
		{33860EFB-7B60-38D0-829A-19424DC2FB44}.Development Editor|Win64.ActiveCfg = Development|Any CPU
		{33860EFB-7B60-38D0-829A-19424DC2FB44}.Development Editor|Win64.Build.0 = Development|Any CPU
		{33860EFB-7B60-38D0-829A-19424DC2FB44}.Development Editor|x64.ActiveCfg = Development|Any CPU
		{33860EFB-7B60-38D0-829A-19424DC2FB44}.Development|Win64.ActiveCfg = Development|Any CPU
		{33860EFB-7B60-38D0-829A-19424DC2FB44}.Development|Win64.Build.0 = Development|Any CPU
		{33860EFB-7B60-38D0-829A-19424DC2FB44}.Development|x64.ActiveCfg = Development|Any CPU
		{33860EFB-7B60-38D0-829A-19424DC2FB44}.Release|Win64.ActiveCfg = Development|Any CPU
		{33860EFB-7B60-38D0-829A-19424DC2FB44}.Release|x64.ActiveCfg = Development|Any CPU
		{33860EFB-7B60-38D0-829A-19424DC2FB44}.Shipping|Win64.ActiveCfg = Development|Any CPU
		{33860EFB-7B60-38D0-829A-19424DC2FB44}.Shipping|Win64.Build.0 = Development|Any CPU
		{33860EFB-7B60-38D0-829A-19424DC2FB44}.Shipping|x64.ActiveCfg = Development|Any CPU
		{029E1878-3FD9-3D6A-8984-84F68B8139AA}.DebugGame Editor|Win64.ActiveCfg = Development|Any CPU
		{029E1878-3FD9-3D6A-8984-84F68B8139AA}.DebugGame Editor|Win64.Build.0 = Development|Any CPU
		{029E1878-3FD9-3D6A-8984-84F68B8139AA}.DebugGame Editor|x64.ActiveCfg = Development|Any CPU
		{029E1878-3FD9-3D6A-8984-84F68B8139AA}.DebugGame|Win64.ActiveCfg = Development|Any CPU
		{029E1878-3FD9-3D6A-8984-84F68B8139AA}.DebugGame|Win64.Build.0 = Development|Any CPU
		{029E1878-3FD9-3D6A-8984-84F68B8139AA}.DebugGame|x64.ActiveCfg = Development|Any CPU
		{029E1878-3FD9-3D6A-8984-84F68B8139AA}.Development Editor|Win64.ActiveCfg = Development|Any CPU
		{029E1878-3FD9-3D6A-8984-84F68B8139AA}.Development Editor|Win64.Build.0 = Development|Any CPU
		{029E1878-3FD9-3D6A-8984-84F68B8139AA}.Development Editor|x64.ActiveCfg = Development|Any CPU
		{029E1878-3FD9-3D6A-8984-84F68B8139AA}.Development|Win64.ActiveCfg = Development|Any CPU
		{029E1878-3FD9-3D6A-8984-84F68B8139AA}.Development|Win64.Build.0 = Development|Any CPU
		{029E1878-3FD9-3D6A-8984-84F68B8139AA}.Development|x64.ActiveCfg = Development|Any CPU
		{029E1878-3FD9-3D6A-8984-84F68B8139AA}.Release|Win64.ActiveCfg = Development|Any CPU
		{029E1878-3FD9-3D6A-8984-84F68B8139AA}.Release|x64.ActiveCfg = Development|Any CPU
		{029E1878-3FD9-3D6A-8984-84F68B8139AA}.Shipping|Win64.ActiveCfg = Development|Any CPU
		{029E1878-3FD9-3D6A-8984-84F68B8139AA}.Shipping|Win64.Build.0 = Development|Any CPU
		{029E1878-3FD9-3D6A-8984-84F68B8139AA}.Shipping|x64.ActiveCfg = Development|Any CPU
		{0BA068CC-B54B-3322-9E18-C70F9FC4687F}.DebugGame Editor|Win64.ActiveCfg = Development|Any CPU
		{0BA068CC-B54B-3322-9E18-C70F9FC4687F}.DebugGame Editor|Win64.Build.0 = Development|Any CPU
		{0BA068CC-B54B-3322-9E18-C70F9FC4687F}.DebugGame Editor|x64.ActiveCfg = Development|Any CPU
		{0BA068CC-B54B-3322-9E18-C70F9FC4687F}.DebugGame|Win64.ActiveCfg = Development|Any CPU
		{0BA068CC-B54B-3322-9E18-C70F9FC4687F}.DebugGame|Win64.Build.0 = Development|Any CPU
		{0BA068CC-B54B-3322-9E18-C70F9FC4687F}.DebugGame|x64.ActiveCfg = Development|Any CPU
		{0BA068CC-B54B-3322-9E18-C70F9FC4687F}.Development Editor|Win64.ActiveCfg = Development|Any CPU
		{0BA068CC-B54B-3322-9E18-C70F9FC4687F}.Development Editor|Win64.Build.0 = Development|Any CPU
		{0BA068CC-B54B-3322-9E18-C70F9FC4687F}.Development Editor|x64.ActiveCfg = Development|Any CPU
		{0BA068CC-B54B-3322-9E18-C70F9FC4687F}.Development|Win64.ActiveCfg = Development|Any CPU
		{0BA068CC-B54B-3322-9E18-C70F9FC4687F}.Development|Win64.Build.0 = Development|Any CPU
		{0BA068CC-B54B-3322-9E18-C70F9FC4687F}.Development|x64.ActiveCfg = Development|Any CPU
		{0BA068CC-B54B-3322-9E18-C70F9FC4687F}.Release|Win64.ActiveCfg = Development|Any CPU
		{0BA068CC-B54B-3322-9E18-C70F9FC4687F}.Release|x64.ActiveCfg = Development|Any CPU
		{0BA068CC-B54B-3322-9E18-C70F9FC4687F}.Shipping|Win64.ActiveCfg = Development|Any CPU
		{0BA068CC-B54B-3322-9E18-C70F9FC4687F}.Shipping|Win64.Build.0 = Development|Any CPU
		{0BA068CC-B54B-3322-9E18-C70F9FC4687F}.Shipping|x64.ActiveCfg = Development|Any CPU
		{DA106FDE-9D9D-3C6A-BAEC-DF0F3CE210D3}.DebugGame Editor|Win64.ActiveCfg = Development|Any CPU
		{DA106FDE-9D9D-3C6A-BAEC-DF0F3CE210D3}.DebugGame Editor|Win64.Build.0 = Development|Any CPU
		{DA106FDE-9D9D-3C6A-BAEC-DF0F3CE210D3}.DebugGame Editor|x64.ActiveCfg = Development|Any CPU
		{DA106FDE-9D9D-3C6A-BAEC-DF0F3CE210D3}.DebugGame|Win64.ActiveCfg = Development|Any CPU
		{DA106FDE-9D9D-3C6A-BAEC-DF0F3CE210D3}.DebugGame|Win64.Build.0 = Development|Any CPU
		{DA106FDE-9D9D-3C6A-BAEC-DF0F3CE210D3}.DebugGame|x64.ActiveCfg = Development|Any CPU
		{DA106FDE-9D9D-3C6A-BAEC-DF0F3CE210D3}.Development Editor|Win64.ActiveCfg = Development|Any CPU
		{DA106FDE-9D9D-3C6A-BAEC-DF0F3CE210D3}.Development Editor|Win64.Build.0 = Development|Any CPU
		{DA106FDE-9D9D-3C6A-BAEC-DF0F3CE210D3}.Development Editor|x64.ActiveCfg = Development|Any CPU
		{DA106FDE-9D9D-3C6A-BAEC-DF0F3CE210D3}.Development|Win64.ActiveCfg = Development|Any CPU
		{DA106FDE-9D9D-3C6A-BAEC-DF0F3CE210D3}.Development|Win64.Build.0 = Development|Any CPU
		{DA106FDE-9D9D-3C6A-BAEC-DF0F3CE210D3}.Development|x64.ActiveCfg = Development|Any CPU
		{DA106FDE-9D9D-3C6A-BAEC-DF0F3CE210D3}.Release|Win64.ActiveCfg = Development|Any CPU
		{DA106FDE-9D9D-3C6A-BAEC-DF0F3CE210D3}.Release|x64.ActiveCfg = Development|Any CPU
		{DA106FDE-9D9D-3C6A-BAEC-DF0F3CE210D3}.Shipping|Win64.ActiveCfg = Development|Any CPU
		{DA106FDE-9D9D-3C6A-BAEC-DF0F3CE210D3}.Shipping|Win64.Build.0 = Development|Any CPU
		{DA106FDE-9D9D-3C6A-BAEC-DF0F3CE210D3}.Shipping|x64.ActiveCfg = Development|Any CPU
		{3575B16F-4D74-3ADA-8666-2B294ABCA2AE}.DebugGame Editor|Win64.ActiveCfg = Development|Any CPU
		{3575B16F-4D74-3ADA-8666-2B294ABCA2AE}.DebugGame Editor|Win64.Build.0 = Development|Any CPU
		{3575B16F-4D74-3ADA-8666-2B294ABCA2AE}.DebugGame Editor|x64.ActiveCfg = Development|Any CPU
		{3575B16F-4D74-3ADA-8666-2B294ABCA2AE}.DebugGame|Win64.ActiveCfg = Development|Any CPU
		{3575B16F-4D74-3ADA-8666-2B294ABCA2AE}.DebugGame|Win64.Build.0 = Development|Any CPU
		{3575B16F-4D74-3ADA-8666-2B294ABCA2AE}.DebugGame|x64.ActiveCfg = Development|Any CPU
		{3575B16F-4D74-3ADA-8666-2B294ABCA2AE}.Development Editor|Win64.ActiveCfg = Development|Any CPU
		{3575B16F-4D74-3ADA-8666-2B294ABCA2AE}.Development Editor|Win64.Build.0 = Development|Any CPU
		{3575B16F-4D74-3ADA-8666-2B294ABCA2AE}.Development Editor|x64.ActiveCfg = Development|Any CPU
		{3575B16F-4D74-3ADA-8666-2B294ABCA2AE}.Development|Win64.ActiveCfg = Development|Any CPU
		{3575B16F-4D74-3ADA-8666-2B294ABCA2AE}.Development|Win64.Build.0 = Development|Any CPU
		{3575B16F-4D74-3ADA-8666-2B294ABCA2AE}.Development|x64.ActiveCfg = Development|Any CPU
		{3575B16F-4D74-3ADA-8666-2B294ABCA2AE}.Release|Win64.ActiveCfg = Development|Any CPU
		{3575B16F-4D74-3ADA-8666-2B294ABCA2AE}.Release|x64.ActiveCfg = Development|Any CPU
		{3575B16F-4D74-3ADA-8666-2B294ABCA2AE}.Shipping|Win64.ActiveCfg = Development|Any CPU
		{3575B16F-4D74-3ADA-8666-2B294ABCA2AE}.Shipping|Win64.Build.0 = Development|Any CPU
		{3575B16F-4D74-3ADA-8666-2B294ABCA2AE}.Shipping|x64.ActiveCfg = Development|Any CPU
		{6A768D71-C928-3193-AEAB-E0A57C26029D}.DebugGame Editor|Win64.ActiveCfg = Development|Any CPU
		{6A768D71-C928-3193-AEAB-E0A57C26029D}.DebugGame Editor|Win64.Build.0 = Development|Any CPU
		{6A768D71-C928-3193-AEAB-E0A57C26029D}.DebugGame Editor|x64.ActiveCfg = Development|Any CPU
		{6A768D71-C928-3193-AEAB-E0A57C26029D}.DebugGame|Win64.ActiveCfg = Development|Any CPU
		{6A768D71-C928-3193-AEAB-E0A57C26029D}.DebugGame|Win64.Build.0 = Development|Any CPU
		{6A768D71-C928-3193-AEAB-E0A57C26029D}.DebugGame|x64.ActiveCfg = Development|Any CPU
		{6A768D71-C928-3193-AEAB-E0A57C26029D}.Development Editor|Win64.ActiveCfg = Development|Any CPU
		{6A768D71-C928-3193-AEAB-E0A57C26029D}.Development Editor|Win64.Build.0 = Development|Any CPU
		{6A768D71-C928-3193-AEAB-E0A57C26029D}.Development Editor|x64.ActiveCfg = Development|Any CPU
		{6A768D71-C928-3193-AEAB-E0A57C26029D}.Development|Win64.ActiveCfg = Development|Any CPU
		{6A768D71-C928-3193-AEAB-E0A57C26029D}.Development|Win64.Build.0 = Development|Any CPU
		{6A768D71-C928-3193-AEAB-E0A57C26029D}.Development|x64.ActiveCfg = Development|Any CPU
		{6A768D71-C928-3193-AEAB-E0A57C26029D}.Release|Win64.ActiveCfg = Development|Any CPU
		{6A768D71-C928-3193-AEAB-E0A57C26029D}.Release|x64.ActiveCfg = Development|Any CPU
		{6A768D71-C928-3193-AEAB-E0A57C26029D}.Shipping|Win64.ActiveCfg = Development|Any CPU
		{6A768D71-C928-3193-AEAB-E0A57C26029D}.Shipping|Win64.Build.0 = Development|Any CPU
		{6A768D71-C928-3193-AEAB-E0A57C26029D}.Shipping|x64.ActiveCfg = Development|Any CPU
		{4B980275-1669-39FF-90A9-1F9850DECCA5}.DebugGame Editor|Win64.ActiveCfg = Development|Any CPU
		{4B980275-1669-39FF-90A9-1F9850DECCA5}.DebugGame Editor|Win64.Build.0 = Development|Any CPU
		{4B980275-1669-39FF-90A9-1F9850DECCA5}.DebugGame Editor|x64.ActiveCfg = Development|Any CPU
		{4B980275-1669-39FF-90A9-1F9850DECCA5}.DebugGame|Win64.ActiveCfg = Development|Any CPU
		{4B980275-1669-39FF-90A9-1F9850DECCA5}.DebugGame|Win64.Build.0 = Development|Any CPU
		{4B980275-1669-39FF-90A9-1F9850DECCA5}.DebugGame|x64.ActiveCfg = Development|Any CPU
		{4B980275-1669-39FF-90A9-1F9850DECCA5}.Development Editor|Win64.ActiveCfg = Development|Any CPU
		{4B980275-1669-39FF-90A9-1F9850DECCA5}.Development Editor|Win64.Build.0 = Development|Any CPU
		{4B980275-1669-39FF-90A9-1F9850DECCA5}.Development Editor|x64.ActiveCfg = Development|Any CPU
		{4B980275-1669-39FF-90A9-1F9850DECCA5}.Development|Win64.ActiveCfg = Development|Any CPU
		{4B980275-1669-39FF-90A9-1F9850DECCA5}.Development|Win64.Build.0 = Development|Any CPU
		{4B980275-1669-39FF-90A9-1F9850DECCA5}.Development|x64.ActiveCfg = Development|Any CPU
		{4B980275-1669-39FF-90A9-1F9850DECCA5}.Release|Win64.ActiveCfg = Development|Any CPU
		{4B980275-1669-39FF-90A9-1F9850DECCA5}.Release|x64.ActiveCfg = Development|Any CPU
		{4B980275-1669-39FF-90A9-1F9850DECCA5}.Shipping|Win64.ActiveCfg = Development|Any CPU
		{4B980275-1669-39FF-90A9-1F9850DECCA5}.Shipping|Win64.Build.0 = Development|Any CPU
		{4B980275-1669-39FF-90A9-1F9850DECCA5}.Shipping|x64.ActiveCfg = Development|Any CPU
		{2DACD688-ADA2-3866-A5E9-982186F0B758}.DebugGame Editor|Win64.ActiveCfg = Development|Any CPU
		{2DACD688-ADA2-3866-A5E9-982186F0B758}.DebugGame Editor|Win64.Build.0 = Development|Any CPU
		{2DACD688-ADA2-3866-A5E9-982186F0B758}.DebugGame Editor|x64.ActiveCfg = Development|Any CPU
		{2DACD688-ADA2-3866-A5E9-982186F0B758}.DebugGame|Win64.ActiveCfg = Development|Any CPU
		{2DACD688-ADA2-3866-A5E9-982186F0B758}.DebugGame|Win64.Build.0 = Development|Any CPU
		{2DACD688-ADA2-3866-A5E9-982186F0B758}.DebugGame|x64.ActiveCfg = Development|Any CPU
		{2DACD688-ADA2-3866-A5E9-982186F0B758}.Development Editor|Win64.ActiveCfg = Development|Any CPU
		{2DACD688-ADA2-3866-A5E9-982186F0B758}.Development Editor|Win64.Build.0 = Development|Any CPU
		{2DACD688-ADA2-3866-A5E9-982186F0B758}.Development Editor|x64.ActiveCfg = Development|Any CPU
		{2DACD688-ADA2-3866-A5E9-982186F0B758}.Development|Win64.ActiveCfg = Development|Any CPU
		{2DACD688-ADA2-3866-A5E9-982186F0B758}.Development|Win64.Build.0 = Development|Any CPU
		{2DACD688-ADA2-3866-A5E9-982186F0B758}.Development|x64.ActiveCfg = Development|Any CPU
		{2DACD688-ADA2-3866-A5E9-982186F0B758}.Release|Win64.ActiveCfg = Development|Any CPU
		{2DACD688-ADA2-3866-A5E9-982186F0B758}.Release|x64.ActiveCfg = Development|Any CPU
		{2DACD688-ADA2-3866-A5E9-982186F0B758}.Shipping|Win64.ActiveCfg = Development|Any CPU
		{2DACD688-ADA2-3866-A5E9-982186F0B758}.Shipping|Win64.Build.0 = Development|Any CPU
		{2DACD688-ADA2-3866-A5E9-982186F0B758}.Shipping|x64.ActiveCfg = Development|Any CPU
		{60BF6AF2-E66B-38FA-8BB6-1644A4FB6453}.DebugGame Editor|Win64.ActiveCfg = Development|Any CPU
		{60BF6AF2-E66B-38FA-8BB6-1644A4FB6453}.DebugGame Editor|Win64.Build.0 = Development|Any CPU
		{60BF6AF2-E66B-38FA-8BB6-1644A4FB6453}.DebugGame Editor|x64.ActiveCfg = Development|Any CPU
		{60BF6AF2-E66B-38FA-8BB6-1644A4FB6453}.DebugGame|Win64.ActiveCfg = Development|Any CPU
		{60BF6AF2-E66B-38FA-8BB6-1644A4FB6453}.DebugGame|Win64.Build.0 = Development|Any CPU
		{60BF6AF2-E66B-38FA-8BB6-1644A4FB6453}.DebugGame|x64.ActiveCfg = Development|Any CPU
		{60BF6AF2-E66B-38FA-8BB6-1644A4FB6453}.Development Editor|Win64.ActiveCfg = Development|Any CPU
		{60BF6AF2-E66B-38FA-8BB6-1644A4FB6453}.Development Editor|Win64.Build.0 = Development|Any CPU
		{60BF6AF2-E66B-38FA-8BB6-1644A4FB6453}.Development Editor|x64.ActiveCfg = Development|Any CPU
		{60BF6AF2-E66B-38FA-8BB6-1644A4FB6453}.Development|Win64.ActiveCfg = Development|Any CPU
		{60BF6AF2-E66B-38FA-8BB6-1644A4FB6453}.Development|Win64.Build.0 = Development|Any CPU
		{60BF6AF2-E66B-38FA-8BB6-1644A4FB6453}.Development|x64.ActiveCfg = Development|Any CPU
		{60BF6AF2-E66B-38FA-8BB6-1644A4FB6453}.Release|Win64.ActiveCfg = Development|Any CPU
		{60BF6AF2-E66B-38FA-8BB6-1644A4FB6453}.Release|x64.ActiveCfg = Development|Any CPU
		{60BF6AF2-E66B-38FA-8BB6-1644A4FB6453}.Shipping|Win64.ActiveCfg = Development|Any CPU
		{60BF6AF2-E66B-38FA-8BB6-1644A4FB6453}.Shipping|Win64.Build.0 = Development|Any CPU
		{60BF6AF2-E66B-38FA-8BB6-1644A4FB6453}.Shipping|x64.ActiveCfg = Development|Any CPU
		{C8D6E041-31B9-3F53-9591-210651C6E0B9}.DebugGame Editor|Win64.ActiveCfg = Development|Any CPU
		{C8D6E041-31B9-3F53-9591-210651C6E0B9}.DebugGame Editor|Win64.Build.0 = Development|Any CPU
		{C8D6E041-31B9-3F53-9591-210651C6E0B9}.DebugGame Editor|x64.ActiveCfg = Development|Any CPU
		{C8D6E041-31B9-3F53-9591-210651C6E0B9}.DebugGame|Win64.ActiveCfg = Development|Any CPU
		{C8D6E041-31B9-3F53-9591-210651C6E0B9}.DebugGame|Win64.Build.0 = Development|Any CPU
		{C8D6E041-31B9-3F53-9591-210651C6E0B9}.DebugGame|x64.ActiveCfg = Development|Any CPU
		{C8D6E041-31B9-3F53-9591-210651C6E0B9}.Development Editor|Win64.ActiveCfg = Development|Any CPU
		{C8D6E041-31B9-3F53-9591-210651C6E0B9}.Development Editor|Win64.Build.0 = Development|Any CPU
		{C8D6E041-31B9-3F53-9591-210651C6E0B9}.Development Editor|x64.ActiveCfg = Development|Any CPU
		{C8D6E041-31B9-3F53-9591-210651C6E0B9}.Development|Win64.ActiveCfg = Development|Any CPU
		{C8D6E041-31B9-3F53-9591-210651C6E0B9}.Development|Win64.Build.0 = Development|Any CPU
		{C8D6E041-31B9-3F53-9591-210651C6E0B9}.Development|x64.ActiveCfg = Development|Any CPU
		{C8D6E041-31B9-3F53-9591-210651C6E0B9}.Release|Win64.ActiveCfg = Development|Any CPU
		{C8D6E041-31B9-3F53-9591-210651C6E0B9}.Release|x64.ActiveCfg = Development|Any CPU
		{C8D6E041-31B9-3F53-9591-210651C6E0B9}.Shipping|Win64.ActiveCfg = Development|Any CPU
		{C8D6E041-31B9-3F53-9591-210651C6E0B9}.Shipping|Win64.Build.0 = Development|Any CPU
		{C8D6E041-31B9-3F53-9591-210651C6E0B9}.Shipping|x64.ActiveCfg = Development|Any CPU
		{8B11BD28-79B8-3887-B78E-4E9A5E59F586}.DebugGame Editor|Win64.ActiveCfg = Development|Any CPU
		{8B11BD28-79B8-3887-B78E-4E9A5E59F586}.DebugGame Editor|Win64.Build.0 = Development|Any CPU
		{8B11BD28-79B8-3887-B78E-4E9A5E59F586}.DebugGame Editor|x64.ActiveCfg = Development|Any CPU
		{8B11BD28-79B8-3887-B78E-4E9A5E59F586}.DebugGame|Win64.ActiveCfg = Development|Any CPU
		{8B11BD28-79B8-3887-B78E-4E9A5E59F586}.DebugGame|Win64.Build.0 = Development|Any CPU
		{8B11BD28-79B8-3887-B78E-4E9A5E59F586}.DebugGame|x64.ActiveCfg = Development|Any CPU
		{8B11BD28-79B8-3887-B78E-4E9A5E59F586}.Development Editor|Win64.ActiveCfg = Development|Any CPU
		{8B11BD28-79B8-3887-B78E-4E9A5E59F586}.Development Editor|Win64.Build.0 = Development|Any CPU
		{8B11BD28-79B8-3887-B78E-4E9A5E59F586}.Development Editor|x64.ActiveCfg = Development|Any CPU
		{8B11BD28-79B8-3887-B78E-4E9A5E59F586}.Development|Win64.ActiveCfg = Development|Any CPU
		{8B11BD28-79B8-3887-B78E-4E9A5E59F586}.Development|Win64.Build.0 = Development|Any CPU
		{8B11BD28-79B8-3887-B78E-4E9A5E59F586}.Development|x64.ActiveCfg = Development|Any CPU
		{8B11BD28-79B8-3887-B78E-4E9A5E59F586}.Release|Win64.ActiveCfg = Development|Any CPU
		{8B11BD28-79B8-3887-B78E-4E9A5E59F586}.Release|x64.ActiveCfg = Development|Any CPU
		{8B11BD28-79B8-3887-B78E-4E9A5E59F586}.Shipping|Win64.ActiveCfg = Development|Any CPU
		{8B11BD28-79B8-3887-B78E-4E9A5E59F586}.Shipping|Win64.Build.0 = Development|Any CPU
		{8B11BD28-79B8-3887-B78E-4E9A5E59F586}.Shipping|x64.ActiveCfg = Development|Any CPU
		{B0DB4105-9460-3F6F-B1CE-60C992AE0601}.DebugGame Editor|Win64.ActiveCfg = Development|Any CPU
		{B0DB4105-9460-3F6F-B1CE-60C992AE0601}.DebugGame Editor|Win64.Build.0 = Development|Any CPU
		{B0DB4105-9460-3F6F-B1CE-60C992AE0601}.DebugGame Editor|x64.ActiveCfg = Development|Any CPU
		{B0DB4105-9460-3F6F-B1CE-60C992AE0601}.DebugGame|Win64.ActiveCfg = Development|Any CPU
		{B0DB4105-9460-3F6F-B1CE-60C992AE0601}.DebugGame|Win64.Build.0 = Development|Any CPU
		{B0DB4105-9460-3F6F-B1CE-60C992AE0601}.DebugGame|x64.ActiveCfg = Development|Any CPU
		{B0DB4105-9460-3F6F-B1CE-60C992AE0601}.Development Editor|Win64.ActiveCfg = Development|Any CPU
		{B0DB4105-9460-3F6F-B1CE-60C992AE0601}.Development Editor|Win64.Build.0 = Development|Any CPU
		{B0DB4105-9460-3F6F-B1CE-60C992AE0601}.Development Editor|x64.ActiveCfg = Development|Any CPU
		{B0DB4105-9460-3F6F-B1CE-60C992AE0601}.Development|Win64.ActiveCfg = Development|Any CPU
		{B0DB4105-9460-3F6F-B1CE-60C992AE0601}.Development|Win64.Build.0 = Development|Any CPU
		{B0DB4105-9460-3F6F-B1CE-60C992AE0601}.Development|x64.ActiveCfg = Development|Any CPU
		{B0DB4105-9460-3F6F-B1CE-60C992AE0601}.Release|Win64.ActiveCfg = Development|Any CPU
		{B0DB4105-9460-3F6F-B1CE-60C992AE0601}.Release|x64.ActiveCfg = Development|Any CPU
		{B0DB4105-9460-3F6F-B1CE-60C992AE0601}.Shipping|Win64.ActiveCfg = Development|Any CPU
		{B0DB4105-9460-3F6F-B1CE-60C992AE0601}.Shipping|Win64.Build.0 = Development|Any CPU
		{B0DB4105-9460-3F6F-B1CE-60C992AE0601}.Shipping|x64.ActiveCfg = Development|Any CPU
		{B8CF59CD-0D44-38E4-99E4-CB539E0DEFBC}.DebugGame Editor|Win64.ActiveCfg = Development|Any CPU
		{B8CF59CD-0D44-38E4-99E4-CB539E0DEFBC}.DebugGame Editor|Win64.Build.0 = Development|Any CPU
		{B8CF59CD-0D44-38E4-99E4-CB539E0DEFBC}.DebugGame Editor|x64.ActiveCfg = Development|Any CPU
		{B8CF59CD-0D44-38E4-99E4-CB539E0DEFBC}.DebugGame|Win64.ActiveCfg = Development|Any CPU
		{B8CF59CD-0D44-38E4-99E4-CB539E0DEFBC}.DebugGame|Win64.Build.0 = Development|Any CPU
		{B8CF59CD-0D44-38E4-99E4-CB539E0DEFBC}.DebugGame|x64.ActiveCfg = Development|Any CPU
		{B8CF59CD-0D44-38E4-99E4-CB539E0DEFBC}.Development Editor|Win64.ActiveCfg = Development|Any CPU
		{B8CF59CD-0D44-38E4-99E4-CB539E0DEFBC}.Development Editor|Win64.Build.0 = Development|Any CPU
		{B8CF59CD-0D44-38E4-99E4-CB539E0DEFBC}.Development Editor|x64.ActiveCfg = Development|Any CPU
		{B8CF59CD-0D44-38E4-99E4-CB539E0DEFBC}.Development|Win64.ActiveCfg = Development|Any CPU
		{B8CF59CD-0D44-38E4-99E4-CB539E0DEFBC}.Development|Win64.Build.0 = Development|Any CPU
		{B8CF59CD-0D44-38E4-99E4-CB539E0DEFBC}.Development|x64.ActiveCfg = Development|Any CPU
		{B8CF59CD-0D44-38E4-99E4-CB539E0DEFBC}.Release|Win64.ActiveCfg = Development|Any CPU
		{B8CF59CD-0D44-38E4-99E4-CB539E0DEFBC}.Release|x64.ActiveCfg = Development|Any CPU
		{B8CF59CD-0D44-38E4-99E4-CB539E0DEFBC}.Shipping|Win64.ActiveCfg = Development|Any CPU
		{B8CF59CD-0D44-38E4-99E4-CB539E0DEFBC}.Shipping|Win64.Build.0 = Development|Any CPU
		{B8CF59CD-0D44-38E4-99E4-CB539E0DEFBC}.Shipping|x64.ActiveCfg = Development|Any CPU
		{32316B6F-02C5-4EAE-9913-ACD9F27041CD}.DebugGame Editor|Win64.ActiveCfg = Release|x64
		{32316B6F-02C5-4EAE-9913-ACD9F27041CD}.DebugGame Editor|x64.ActiveCfg = Release|x64
		{32316B6F-02C5-4EAE-9913-ACD9F27041CD}.DebugGame|Win64.ActiveCfg = Release|x64
		{32316B6F-02C5-4EAE-9913-ACD9F27041CD}.DebugGame|x64.ActiveCfg = Release|x64
		{32316B6F-02C5-4EAE-9913-ACD9F27041CD}.Development Editor|Win64.ActiveCfg = Release|x64
		{32316B6F-02C5-4EAE-9913-ACD9F27041CD}.Development Editor|x64.ActiveCfg = Release|x64
		{32316B6F-02C5-4EAE-9913-ACD9F27041CD}.Development|Win64.ActiveCfg = Release|x64
		{32316B6F-02C5-4EAE-9913-ACD9F27041CD}.Development|x64.ActiveCfg = Release|x64
		{32316B6F-02C5-4EAE-9913-ACD9F27041CD}.Release|Win64.ActiveCfg = Release|x64
		{32316B6F-02C5-4EAE-9913-ACD9F27041CD}.Release|x64.ActiveCfg = Release|x64
		{32316B6F-02C5-4EAE-9913-ACD9F27041CD}.Shipping|Win64.ActiveCfg = Release|x64
		{32316B6F-02C5-4EAE-9913-ACD9F27041CD}.Shipping|x64.ActiveCfg = Release|x64
	EndGlobalSection
	GlobalSection(SolutionProperties) = preSolution
		HideSolutionNode = FALSE
	EndGlobalSection
	GlobalSection(NestedProjects) = preSolution
		{0BFBE63A-B98A-3411-8EEB-8918FEC737B3} = {A338B9E2-A559-34BE-A46D-F789DD488FAD}
		{57713676-9DBE-331C-AD10-26632AC9EE0C} = {A338B9E2-A559-34BE-A46D-F789DD488FAD}
		{7B5CFB44-F0FB-31DF-AE62-C3C096A29A7B} = {A338B9E2-A559-34BE-A46D-F789DD488FAD}
		{29BCA271-CA9A-336A-A8B0-1F54299C5966} = {233774A8-CC9D-3FA9-86D1-90573E92B704}
		{A4819600-59BF-31AD-98F5-3BAA6DDE5E74} = {DE1F8B53-6C02-3C13-9101-A7C8D96F3FF6}
		{3B028BD5-B3F1-3B8B-AE59-B8BF27EB7247} = {A338B9E2-A559-34BE-A46D-F789DD488FAD}
		{78D23EEC-E0A7-3225-A48A-FCE4CFD44DBC} = {A338B9E2-A559-34BE-A46D-F789DD488FAD}
		{B8157DB7-D6F3-3744-B9BD-1F36979171C8} = {0BFBE63A-B98A-3411-8EEB-8918FEC737B3}
		{7F961595-AC0A-37D9-A0F5-2EF0128249EB} = {0BFBE63A-B98A-3411-8EEB-8918FEC737B3}
		{3469814F-ABD6-3BBE-9084-DAB403F1E1B4} = {0BFBE63A-B98A-3411-8EEB-8918FEC737B3}
		{5A5E81D7-B245-3468-9C77-F57756BF5A58} = {0BFBE63A-B98A-3411-8EEB-8918FEC737B3}
		{DF0559C7-DEBC-3BA3-BBEE-E12B25135E23} = {0BFBE63A-B98A-3411-8EEB-8918FEC737B3}
		{96BC5A78-3DF8-3C24-8585-AE6E8996B6B7} = {0BFBE63A-B98A-3411-8EEB-8918FEC737B3}
		{ED97A1F2-4C8C-39FB-B7C4-02D4B6EFF6AE} = {0BFBE63A-B98A-3411-8EEB-8918FEC737B3}
		{7564F478-DB0F-34B4-A4C9-7B5F3BD40FEF} = {0BFBE63A-B98A-3411-8EEB-8918FEC737B3}
		{F482FD5E-C79C-3A4A-906A-15F6850EF3C1} = {0BFBE63A-B98A-3411-8EEB-8918FEC737B3}
		{8483C838-8FB9-3485-A230-69421D1B0F54} = {0BFBE63A-B98A-3411-8EEB-8918FEC737B3}
		{A65A07CB-F0F6-37F0-BC6B-97BFFD17F846} = {0BFBE63A-B98A-3411-8EEB-8918FEC737B3}
		{DFE41C05-FD37-3B23-9D1B-9640A0DA993D} = {0BFBE63A-B98A-3411-8EEB-8918FEC737B3}
		{C9F82042-15FE-30C7-8A2F-906F384F65FA} = {0BFBE63A-B98A-3411-8EEB-8918FEC737B3}
		{974B1A43-8BDD-3C59-808D-10B981E8EE5D} = {0BFBE63A-B98A-3411-8EEB-8918FEC737B3}
		{FDB201CC-DC62-3409-B715-997F6A2FF82C} = {0BFBE63A-B98A-3411-8EEB-8918FEC737B3}
		{A3FDA3C9-DBA2-3428-8FCF-01601F6D7AE3} = {0BFBE63A-B98A-3411-8EEB-8918FEC737B3}
		{B6E7F213-3F66-3C3F-AF7D-0074E1402DB4} = {0BFBE63A-B98A-3411-8EEB-8918FEC737B3}
		{4E478B73-A834-3996-BDC5-5CF1E95D72E1} = {0BFBE63A-B98A-3411-8EEB-8918FEC737B3}
		{50CFF54E-7EE9-35BD-AF8A-BEE97018AF3E} = {0BFBE63A-B98A-3411-8EEB-8918FEC737B3}
		{EA59991B-1CF0-37B9-9849-C9BCB7CE246E} = {0BFBE63A-B98A-3411-8EEB-8918FEC737B3}
		{1FC238BE-4EA2-393D-9E6E-D239C69A8727} = {7B5CFB44-F0FB-31DF-AE62-C3C096A29A7B}
		{E1321918-4BBF-31D3-8AF6-EF58B215430D} = {57713676-9DBE-331C-AD10-26632AC9EE0C}
		{44DC7CA3-4463-3BF1-990C-06673808C80B} = {57713676-9DBE-331C-AD10-26632AC9EE0C}
		{F3863862-003F-3A24-BF6C-C21F1361DA16} = {57713676-9DBE-331C-AD10-26632AC9EE0C}
		{1F1A927E-EDAF-313D-B7EC-8CFFB9E5B84A} = {57713676-9DBE-331C-AD10-26632AC9EE0C}
		{FE755D88-BD6A-3336-81A3-AE0AF62E276C} = {57713676-9DBE-331C-AD10-26632AC9EE0C}
		{033F1BEE-33C3-3DE7-B19D-B7B044AFA9D0} = {57713676-9DBE-331C-AD10-26632AC9EE0C}
		{6313DEF9-6C30-3BEF-AEB6-852AE6979775} = {57713676-9DBE-331C-AD10-26632AC9EE0C}
		{F3D0848F-B64D-3053-BF67-4C8F5EF6D0E8} = {57713676-9DBE-331C-AD10-26632AC9EE0C}
		{84E4F9CD-34DF-3EEA-94EA-BA12C17450A8} = {57713676-9DBE-331C-AD10-26632AC9EE0C}
		{D6C20C96-3720-3923-BB75-8B184D2A7377} = {57713676-9DBE-331C-AD10-26632AC9EE0C}
		{2D14B7CB-1735-362B-AA55-DEC8112E45A6} = {57713676-9DBE-331C-AD10-26632AC9EE0C}
		{33860EFB-7B60-38D0-829A-19424DC2FB44} = {57713676-9DBE-331C-AD10-26632AC9EE0C}
		{029E1878-3FD9-3D6A-8984-84F68B8139AA} = {57713676-9DBE-331C-AD10-26632AC9EE0C}
		{0BA068CC-B54B-3322-9E18-C70F9FC4687F} = {57713676-9DBE-331C-AD10-26632AC9EE0C}
		{DA106FDE-9D9D-3C6A-BAEC-DF0F3CE210D3} = {57713676-9DBE-331C-AD10-26632AC9EE0C}
		{3575B16F-4D74-3ADA-8666-2B294ABCA2AE} = {57713676-9DBE-331C-AD10-26632AC9EE0C}
		{6A768D71-C928-3193-AEAB-E0A57C26029D} = {57713676-9DBE-331C-AD10-26632AC9EE0C}
		{4B980275-1669-39FF-90A9-1F9850DECCA5} = {57713676-9DBE-331C-AD10-26632AC9EE0C}
		{2DACD688-ADA2-3866-A5E9-982186F0B758} = {57713676-9DBE-331C-AD10-26632AC9EE0C}
		{60BF6AF2-E66B-38FA-8BB6-1644A4FB6453} = {57713676-9DBE-331C-AD10-26632AC9EE0C}
		{C8D6E041-31B9-3F53-9591-210651C6E0B9} = {C2F57ECE-B26F-39D8-BDA7-C1D40BD8F180}
		{8B11BD28-79B8-3887-B78E-4E9A5E59F586} = {C2F57ECE-B26F-39D8-BDA7-C1D40BD8F180}
		{B0DB4105-9460-3F6F-B1CE-60C992AE0601} = {C2F57ECE-B26F-39D8-BDA7-C1D40BD8F180}
		{B8CF59CD-0D44-38E4-99E4-CB539E0DEFBC} = {C2F57ECE-B26F-39D8-BDA7-C1D40BD8F180}
	EndGlobalSection
	GlobalSection(ExtensibilityGlobals) = postSolution
		SolutionGuid = {54E8987A-1487-4E59-845E-8C608D2DCA1A}
	EndGlobalSection
EndGlobal
